
Microsoft Visual Studio Solution File, Format Version 12.00
# Visual Studio Version 16
VisualStudioVersion = 16.0.28922.388
MinimumVisualStudioVersion = 10.0.40219.1
Project("{9A19103F-16F7-4668-BE54-9A1E7A4F7556}") = "MaxSumSubArray", "SlidingWindows\MaxSumSubArray\MaxSumSubArray.csproj", "{8F8808C4-974C-4868-97E6-A4A8922C0FB6}"
EndProject
Project("{2150E333-8FDC-42A3-9474-1A3956D46DE8}") = "SlidingWindows", "SlidingWindows", "{0B113E2E-AC17-43F8-83F9-CD91C37F8DF5}"
EndProject
Project("{9A19103F-16F7-4668-BE54-9A1E7A4F7556}") = "MinSlidingWindow", "MinSlidingWindow\MinSlidingWindow.csproj", "{E3BD6223-B8CB-44DC-A8F8-A7C3C8D26E9F}"
EndProject
Project("{9A19103F-16F7-4668-BE54-9A1E7A4F7556}") = "TripleSum", "TripleSum\TripleSum.csproj", "{721B162D-8FCB-4E88-9852-B62FAC1D55A6}"
EndProject
Project("{9A19103F-16F7-4668-BE54-9A1E7A4F7556}") = "TripletSumClosestTarget", "TripletSumClosestTarget\TripletSumClosestTarget.csproj", "{BC821774-102D-485C-93F1-CB23EEDE6F38}"
EndProject
Project("{9A19103F-16F7-4668-BE54-9A1E7A4F7556}") = "TripletWithSmallerSum", "TripletWithSmallerSum\TripletWithSmallerSum.csproj", "{BCDBC77E-16AE-4139-9C68-639CEE37E70E}"
EndProject
Project("{9A19103F-16F7-4668-BE54-9A1E7A4F7556}") = "DutchNationFlag", "ConsoleApp1\DutchNationFlag.csproj", "{583FC26A-9742-4C1F-B7AC-C42DE7CCDA0D}"
EndProject
Project("{9A19103F-16F7-4668-BE54-9A1E7A4F7556}") = "QuadrapuletSum", "QuadrapuletSum\QuadrapuletSum.csproj", "{8FEBD65B-F155-4945-A5E1-572DAF5A4E46}"
EndProject
Project("{9A19103F-16F7-4668-BE54-9A1E7A4F7556}") = "CompareStrings", "CompareStrings\CompareStrings.csproj", "{ED6D7DC0-DA30-417E-8F66-F29BA6A63DE2}"
EndProject
Project("{2150E333-8FDC-42A3-9474-1A3956D46DE8}") = "Lists", "Lists", "{3D2249C9-12C5-4B16-9275-7BF81D1A13BD}"
EndProject
Project("{9A19103F-16F7-4668-BE54-9A1E7A4F7556}") = "ListOperations", "ListOperations\ListOperations.csproj", "{A46D9269-2E2B-4C96-BD36-82485A8CD938}"
EndProject
Project("{9A19103F-16F7-4668-BE54-9A1E7A4F7556}") = "HappyNumbers", "HappyNumbers\HappyNumbers.csproj", "{7C975B50-243E-4E3D-86A6-F523C97A38D2}"
EndProject
Project("{9A19103F-16F7-4668-BE54-9A1E7A4F7556}") = "MiddleOfList", "MiddleOfList\MiddleOfList.csproj", "{5456417A-158B-4318-B53B-2786FA56B168}"
EndProject
Project("{9A19103F-16F7-4668-BE54-9A1E7A4F7556}") = "IsPalindrome", "IsPalindrome\IsPalindrome.csproj", "{0824FE6C-9326-4910-BA73-E05FE8984672}"
EndProject
Project("{2150E333-8FDC-42A3-9474-1A3956D46DE8}") = "MergeIntervals", "MergeIntervals", "{6CC54569-3F8B-43F8-A5F6-91E8E2913560}"
EndProject
Project("{9A19103F-16F7-4668-BE54-9A1E7A4F7556}") = "MergeInterval", "MergeInterval\MergeInterval.csproj", "{FD760E60-1702-4F17-8C86-7392645EBCC2}"
EndProject
Project("{9A19103F-16F7-4668-BE54-9A1E7A4F7556}") = "FindMaxAvergeOfKNums", "FindMaxAvergeOfKNums\FindMaxAvergeOfKNums.csproj", "{AC7D3134-46ED-426D-B117-FD8BCA81FE49}"
EndProject
Project("{9A19103F-16F7-4668-BE54-9A1E7A4F7556}") = "FIndMaxAverage", "FIndMaxAverage\FIndMaxAverage.csproj", "{99E50316-FF6E-4C77-A7A2-51B87E0A3753}"
EndProject
Project("{9A19103F-16F7-4668-BE54-9A1E7A4F7556}") = "NonRepeatingSubarray", "NonRepeatingSubarray\NonRepeatingSubarray.csproj", "{B313DF02-8E79-4C2A-874E-5033CE7133D7}"
EndProject
Project("{9A19103F-16F7-4668-BE54-9A1E7A4F7556}") = "NonRepeatingSubString", "NonRepeatingSubString\NonRepeatingSubString.csproj", "{161D2FA2-67AC-4542-8387-26F7AEF4957A}"
EndProject
Project("{2150E333-8FDC-42A3-9474-1A3956D46DE8}") = "Recursion", "Recursion", "{488AE042-C445-49B5-9D8F-72C24E8A0832}"
EndProject
Project("{9A19103F-16F7-4668-BE54-9A1E7A4F7556}") = "Fibinacci", "Fibinacci\Fibinacci.csproj", "{9006FA0D-BCFF-46C4-A54C-F269E4BB45BF}"
EndProject
Project("{9A19103F-16F7-4668-BE54-9A1E7A4F7556}") = "ReverseString", "ReverseString\ReverseString.csproj", "{575B7F12-1EBD-4B9D-8B5C-A47D5AB9BC2A}"
EndProject
Project("{9A19103F-16F7-4668-BE54-9A1E7A4F7556}") = "TripleSumNew", "TripleSumNew\TripleSumNew.csproj", "{72394519-83A1-4F76-960D-C5E8B1435264}"
EndProject
Project("{9A19103F-16F7-4668-BE54-9A1E7A4F7556}") = "Quora_SubsetZero", "Quora_SubsetZero\Quora_SubsetZero.csproj", "{6A7E903C-33B5-4665-BC2B-C295D8B4237F}"
EndProject
Project("{2150E333-8FDC-42A3-9474-1A3956D46DE8}") = "TwoPointers", "TwoPointers", "{DCD4381A-5600-4223-9761-0C9176D0C773}"
EndProject
Project("{9A19103F-16F7-4668-BE54-9A1E7A4F7556}") = "SortArray", "SortArray\SortArray.csproj", "{BAD270A9-B9BD-4C4D-92D9-D846ED78CA26}"
EndProject
Project("{2150E333-8FDC-42A3-9474-1A3956D46DE8}") = "Tree", "Tree", "{14316E08-5E79-44A9-931E-EF0DC741CB26}"
EndProject
Project("{9A19103F-16F7-4668-BE54-9A1E7A4F7556}") = "TreeConstruction", "TreeConstruction\TreeConstruction.csproj", "{355A8DE2-6E81-48DA-AA05-7F649C65D9BF}"
EndProject
Project("{9A19103F-16F7-4668-BE54-9A1E7A4F7556}") = "SubArrayWithSum", "SubArrayWithSum\SubArrayWithSum.csproj", "{5D62F72D-DF76-4B6C-992C-69BC7AFBF549}"
EndProject
Project("{9A19103F-16F7-4668-BE54-9A1E7A4F7556}") = "SortBinaryArray", "SortBinaryArray\SortBinaryArray.csproj", "{E08ABD76-44FF-40DA-9182-B11E2F1EA71F}"
EndProject
Project("{9A19103F-16F7-4668-BE54-9A1E7A4F7556}") = "DuplicateDetection", "DuplicateDetection\DuplicateDetection.csproj", "{41A8AA9C-9E3C-4856-8A0D-833BF3F67051}"
EndProject
Project("{9A19103F-16F7-4668-BE54-9A1E7A4F7556}") = "LargestUniqueSubArray", "LargestUniqueSubArray\LargestUniqueSubArray.csproj", "{807D1A05-CA93-46D8-B398-F5D727D0AB76}"
EndProject
Project("{9A19103F-16F7-4668-BE54-9A1E7A4F7556}") = "MaximumLengthSubArrayOfSum", "MaximumLengthSubArrayOfSum\MaximumLengthSubArrayOfSum.csproj", "{1669DF23-502F-4598-A510-B46034A42D9C}"
EndProject
Project("{2150E333-8FDC-42A3-9474-1A3956D46DE8}") = "Sorting", "Sorting", "{33D898AB-633D-43B1-9985-F5324AB24828}"
EndProject
Project("{9A19103F-16F7-4668-BE54-9A1E7A4F7556}") = "QuickSort", "QuickSort\QuickSort.csproj", "{978011E0-61E2-4851-B4FE-B8C18E2CBC79}"
EndProject
Project("{9A19103F-16F7-4668-BE54-9A1E7A4F7556}") = "InMemoryMergeOfArray", "InMemoryMergeOfArray\InMemoryMergeOfArray.csproj", "{FDDDD02F-3EFF-4126-B167-7F129B71DB67}"
EndProject
Project("{9A19103F-16F7-4668-BE54-9A1E7A4F7556}") = "MergeSortWithConstrain", "MergeSortWithConstrain\MergeSortWithConstrain.csproj", "{BC9081DA-FBC7-4BC7-8B4C-4CC8226A2B93}"
EndProject
Project("{2150E333-8FDC-42A3-9474-1A3956D46DE8}") = "Search", "Search", "{E57D5DDE-DE24-410A-9C29-BC10083ABD73}"
EndProject
Project("{9A19103F-16F7-4668-BE54-9A1E7A4F7556}") = "BinarySearch", "BinarySearch\BinarySearch.csproj", "{953A75B7-3200-43FD-B896-1C09BAF4D890}"
EndProject
Project("{2150E333-8FDC-42A3-9474-1A3956D46DE8}") = "BinaryTree", "BinaryTree", "{20E1C64F-2EEF-4A1D-9E91-78B164C120D2}"
EndProject
Project("{9A19103F-16F7-4668-BE54-9A1E7A4F7556}") = "BinarySearchTree", "BinarySearchTree\BinarySearchTree.csproj", "{EBD3B2A5-D900-485D-BADC-188C46911502}"
EndProject
Project("{9A19103F-16F7-4668-BE54-9A1E7A4F7556}") = "Rearrange", "Rearrange\Rearrange.csproj", "{79385C29-8CF1-459B-936D-C5F28AA0FC34}"
EndProject
Project("{9A19103F-16F7-4668-BE54-9A1E7A4F7556}") = "MergeSortRecursive", "MergeSortRecursive\MergeSortRecursive.csproj", "{FBF662E5-98AD-456E-A281-54D1991D5286}"
EndProject
Project("{9A19103F-16F7-4668-BE54-9A1E7A4F7556}") = "BinaryTreeMaxSumPath", "BinaryTreeMaxSumPath\BinaryTreeMaxSumPath.csproj", "{2721CB64-33EB-404B-BCED-23B3242F5F67}"
EndProject
Project("{2150E333-8FDC-42A3-9474-1A3956D46DE8}") = "CyclicSort", "CyclicSort", "{E4004906-72CE-43D4-8465-DDBD3EA417D2}"
EndProject
Project("{9A19103F-16F7-4668-BE54-9A1E7A4F7556}") = "FindMissingNumber", "FindMissingNumber\FindMissingNumber.csproj", "{AB4B2DC5-37BC-4E48-8F49-4F5B762BD2C8}"
EndProject
Project("{9A19103F-16F7-4668-BE54-9A1E7A4F7556}") = "FindDuplicate", "FindDuplicate\FindDuplicate.csproj", "{32A3DA4C-5D8D-483A-AB71-655E8AEBEED8}"
EndProject
Project("{9A19103F-16F7-4668-BE54-9A1E7A4F7556}") = "Equilibrium", "Equilibrium\Equilibrium.csproj", "{8CE7EDE3-EF1F-4CB2-8D57-A80A80E755AB}"
EndProject
Project("{9A19103F-16F7-4668-BE54-9A1E7A4F7556}") = "MoveZero", "MoveZero\MoveZero.csproj", "{DEE74EEF-E0D7-484C-A09F-2FD16FEB869B}"
EndProject
Project("{FAE04EC0-301F-11D3-BF4B-00C04F79EFBC}") = "Product", "Product\Product.csproj", "{B39B5A1B-B912-4A90-8747-AA99B7F2EEA3}"
EndProject
Project("{FAE04EC0-301F-11D3-BF4B-00C04F79EFBC}") = "Diff", "Diff\Diff.csproj", "{D59E44E9-5828-480A-A3F9-F12A63B983BF}"
EndProject
Global
	GlobalSection(SolutionConfigurationPlatforms) = preSolution
		Debug|Any CPU = Debug|Any CPU
		Release|Any CPU = Release|Any CPU
	EndGlobalSection
	GlobalSection(ProjectConfigurationPlatforms) = postSolution
		{8F8808C4-974C-4868-97E6-A4A8922C0FB6}.Debug|Any CPU.ActiveCfg = Debug|Any CPU
		{8F8808C4-974C-4868-97E6-A4A8922C0FB6}.Debug|Any CPU.Build.0 = Debug|Any CPU
		{8F8808C4-974C-4868-97E6-A4A8922C0FB6}.Release|Any CPU.ActiveCfg = Release|Any CPU
		{8F8808C4-974C-4868-97E6-A4A8922C0FB6}.Release|Any CPU.Build.0 = Release|Any CPU
		{E3BD6223-B8CB-44DC-A8F8-A7C3C8D26E9F}.Debug|Any CPU.ActiveCfg = Debug|Any CPU
		{E3BD6223-B8CB-44DC-A8F8-A7C3C8D26E9F}.Debug|Any CPU.Build.0 = Debug|Any CPU
		{E3BD6223-B8CB-44DC-A8F8-A7C3C8D26E9F}.Release|Any CPU.ActiveCfg = Release|Any CPU
		{E3BD6223-B8CB-44DC-A8F8-A7C3C8D26E9F}.Release|Any CPU.Build.0 = Release|Any CPU
		{721B162D-8FCB-4E88-9852-B62FAC1D55A6}.Debug|Any CPU.ActiveCfg = Debug|Any CPU
		{721B162D-8FCB-4E88-9852-B62FAC1D55A6}.Debug|Any CPU.Build.0 = Debug|Any CPU
		{721B162D-8FCB-4E88-9852-B62FAC1D55A6}.Release|Any CPU.ActiveCfg = Release|Any CPU
		{721B162D-8FCB-4E88-9852-B62FAC1D55A6}.Release|Any CPU.Build.0 = Release|Any CPU
		{BC821774-102D-485C-93F1-CB23EEDE6F38}.Debug|Any CPU.ActiveCfg = Debug|Any CPU
		{BC821774-102D-485C-93F1-CB23EEDE6F38}.Debug|Any CPU.Build.0 = Debug|Any CPU
		{BC821774-102D-485C-93F1-CB23EEDE6F38}.Release|Any CPU.ActiveCfg = Release|Any CPU
		{BC821774-102D-485C-93F1-CB23EEDE6F38}.Release|Any CPU.Build.0 = Release|Any CPU
		{BCDBC77E-16AE-4139-9C68-639CEE37E70E}.Debug|Any CPU.ActiveCfg = Debug|Any CPU
		{BCDBC77E-16AE-4139-9C68-639CEE37E70E}.Debug|Any CPU.Build.0 = Debug|Any CPU
		{BCDBC77E-16AE-4139-9C68-639CEE37E70E}.Release|Any CPU.ActiveCfg = Release|Any CPU
		{BCDBC77E-16AE-4139-9C68-639CEE37E70E}.Release|Any CPU.Build.0 = Release|Any CPU
		{583FC26A-9742-4C1F-B7AC-C42DE7CCDA0D}.Debug|Any CPU.ActiveCfg = Debug|Any CPU
		{583FC26A-9742-4C1F-B7AC-C42DE7CCDA0D}.Debug|Any CPU.Build.0 = Debug|Any CPU
		{583FC26A-9742-4C1F-B7AC-C42DE7CCDA0D}.Release|Any CPU.ActiveCfg = Release|Any CPU
		{583FC26A-9742-4C1F-B7AC-C42DE7CCDA0D}.Release|Any CPU.Build.0 = Release|Any CPU
		{8FEBD65B-F155-4945-A5E1-572DAF5A4E46}.Debug|Any CPU.ActiveCfg = Debug|Any CPU
		{8FEBD65B-F155-4945-A5E1-572DAF5A4E46}.Debug|Any CPU.Build.0 = Debug|Any CPU
		{8FEBD65B-F155-4945-A5E1-572DAF5A4E46}.Release|Any CPU.ActiveCfg = Release|Any CPU
		{8FEBD65B-F155-4945-A5E1-572DAF5A4E46}.Release|Any CPU.Build.0 = Release|Any CPU
		{ED6D7DC0-DA30-417E-8F66-F29BA6A63DE2}.Debug|Any CPU.ActiveCfg = Debug|Any CPU
		{ED6D7DC0-DA30-417E-8F66-F29BA6A63DE2}.Debug|Any CPU.Build.0 = Debug|Any CPU
		{ED6D7DC0-DA30-417E-8F66-F29BA6A63DE2}.Release|Any CPU.ActiveCfg = Release|Any CPU
		{ED6D7DC0-DA30-417E-8F66-F29BA6A63DE2}.Release|Any CPU.Build.0 = Release|Any CPU
		{A46D9269-2E2B-4C96-BD36-82485A8CD938}.Debug|Any CPU.ActiveCfg = Debug|Any CPU
		{A46D9269-2E2B-4C96-BD36-82485A8CD938}.Debug|Any CPU.Build.0 = Debug|Any CPU
		{A46D9269-2E2B-4C96-BD36-82485A8CD938}.Release|Any CPU.ActiveCfg = Release|Any CPU
		{A46D9269-2E2B-4C96-BD36-82485A8CD938}.Release|Any CPU.Build.0 = Release|Any CPU
		{7C975B50-243E-4E3D-86A6-F523C97A38D2}.Debug|Any CPU.ActiveCfg = Debug|Any CPU
		{7C975B50-243E-4E3D-86A6-F523C97A38D2}.Debug|Any CPU.Build.0 = Debug|Any CPU
		{7C975B50-243E-4E3D-86A6-F523C97A38D2}.Release|Any CPU.ActiveCfg = Release|Any CPU
		{7C975B50-243E-4E3D-86A6-F523C97A38D2}.Release|Any CPU.Build.0 = Release|Any CPU
		{5456417A-158B-4318-B53B-2786FA56B168}.Debug|Any CPU.ActiveCfg = Debug|Any CPU
		{5456417A-158B-4318-B53B-2786FA56B168}.Debug|Any CPU.Build.0 = Debug|Any CPU
		{5456417A-158B-4318-B53B-2786FA56B168}.Release|Any CPU.ActiveCfg = Release|Any CPU
		{5456417A-158B-4318-B53B-2786FA56B168}.Release|Any CPU.Build.0 = Release|Any CPU
		{0824FE6C-9326-4910-BA73-E05FE8984672}.Debug|Any CPU.ActiveCfg = Debug|Any CPU
		{0824FE6C-9326-4910-BA73-E05FE8984672}.Debug|Any CPU.Build.0 = Debug|Any CPU
		{0824FE6C-9326-4910-BA73-E05FE8984672}.Release|Any CPU.ActiveCfg = Release|Any CPU
		{0824FE6C-9326-4910-BA73-E05FE8984672}.Release|Any CPU.Build.0 = Release|Any CPU
		{FD760E60-1702-4F17-8C86-7392645EBCC2}.Debug|Any CPU.ActiveCfg = Debug|Any CPU
		{FD760E60-1702-4F17-8C86-7392645EBCC2}.Debug|Any CPU.Build.0 = Debug|Any CPU
		{FD760E60-1702-4F17-8C86-7392645EBCC2}.Release|Any CPU.ActiveCfg = Release|Any CPU
		{FD760E60-1702-4F17-8C86-7392645EBCC2}.Release|Any CPU.Build.0 = Release|Any CPU
		{AC7D3134-46ED-426D-B117-FD8BCA81FE49}.Debug|Any CPU.ActiveCfg = Debug|Any CPU
		{AC7D3134-46ED-426D-B117-FD8BCA81FE49}.Debug|Any CPU.Build.0 = Debug|Any CPU
		{AC7D3134-46ED-426D-B117-FD8BCA81FE49}.Release|Any CPU.ActiveCfg = Release|Any CPU
		{AC7D3134-46ED-426D-B117-FD8BCA81FE49}.Release|Any CPU.Build.0 = Release|Any CPU
		{99E50316-FF6E-4C77-A7A2-51B87E0A3753}.Debug|Any CPU.ActiveCfg = Debug|Any CPU
		{99E50316-FF6E-4C77-A7A2-51B87E0A3753}.Debug|Any CPU.Build.0 = Debug|Any CPU
		{99E50316-FF6E-4C77-A7A2-51B87E0A3753}.Release|Any CPU.ActiveCfg = Release|Any CPU
		{99E50316-FF6E-4C77-A7A2-51B87E0A3753}.Release|Any CPU.Build.0 = Release|Any CPU
		{B313DF02-8E79-4C2A-874E-5033CE7133D7}.Debug|Any CPU.ActiveCfg = Debug|Any CPU
		{B313DF02-8E79-4C2A-874E-5033CE7133D7}.Debug|Any CPU.Build.0 = Debug|Any CPU
		{B313DF02-8E79-4C2A-874E-5033CE7133D7}.Release|Any CPU.ActiveCfg = Release|Any CPU
		{B313DF02-8E79-4C2A-874E-5033CE7133D7}.Release|Any CPU.Build.0 = Release|Any CPU
		{161D2FA2-67AC-4542-8387-26F7AEF4957A}.Debug|Any CPU.ActiveCfg = Debug|Any CPU
		{161D2FA2-67AC-4542-8387-26F7AEF4957A}.Debug|Any CPU.Build.0 = Debug|Any CPU
		{161D2FA2-67AC-4542-8387-26F7AEF4957A}.Release|Any CPU.ActiveCfg = Release|Any CPU
		{161D2FA2-67AC-4542-8387-26F7AEF4957A}.Release|Any CPU.Build.0 = Release|Any CPU
		{9006FA0D-BCFF-46C4-A54C-F269E4BB45BF}.Debug|Any CPU.ActiveCfg = Debug|Any CPU
		{9006FA0D-BCFF-46C4-A54C-F269E4BB45BF}.Debug|Any CPU.Build.0 = Debug|Any CPU
		{9006FA0D-BCFF-46C4-A54C-F269E4BB45BF}.Release|Any CPU.ActiveCfg = Release|Any CPU
		{9006FA0D-BCFF-46C4-A54C-F269E4BB45BF}.Release|Any CPU.Build.0 = Release|Any CPU
		{575B7F12-1EBD-4B9D-8B5C-A47D5AB9BC2A}.Debug|Any CPU.ActiveCfg = Debug|Any CPU
		{575B7F12-1EBD-4B9D-8B5C-A47D5AB9BC2A}.Debug|Any CPU.Build.0 = Debug|Any CPU
		{575B7F12-1EBD-4B9D-8B5C-A47D5AB9BC2A}.Release|Any CPU.ActiveCfg = Release|Any CPU
		{575B7F12-1EBD-4B9D-8B5C-A47D5AB9BC2A}.Release|Any CPU.Build.0 = Release|Any CPU
		{72394519-83A1-4F76-960D-C5E8B1435264}.Debug|Any CPU.ActiveCfg = Debug|Any CPU
		{72394519-83A1-4F76-960D-C5E8B1435264}.Debug|Any CPU.Build.0 = Debug|Any CPU
		{72394519-83A1-4F76-960D-C5E8B1435264}.Release|Any CPU.ActiveCfg = Release|Any CPU
		{72394519-83A1-4F76-960D-C5E8B1435264}.Release|Any CPU.Build.0 = Release|Any CPU
		{6A7E903C-33B5-4665-BC2B-C295D8B4237F}.Debug|Any CPU.ActiveCfg = Debug|Any CPU
		{6A7E903C-33B5-4665-BC2B-C295D8B4237F}.Debug|Any CPU.Build.0 = Debug|Any CPU
		{6A7E903C-33B5-4665-BC2B-C295D8B4237F}.Release|Any CPU.ActiveCfg = Release|Any CPU
		{6A7E903C-33B5-4665-BC2B-C295D8B4237F}.Release|Any CPU.Build.0 = Release|Any CPU
		{BAD270A9-B9BD-4C4D-92D9-D846ED78CA26}.Debug|Any CPU.ActiveCfg = Debug|Any CPU
		{BAD270A9-B9BD-4C4D-92D9-D846ED78CA26}.Debug|Any CPU.Build.0 = Debug|Any CPU
		{BAD270A9-B9BD-4C4D-92D9-D846ED78CA26}.Release|Any CPU.ActiveCfg = Release|Any CPU
		{BAD270A9-B9BD-4C4D-92D9-D846ED78CA26}.Release|Any CPU.Build.0 = Release|Any CPU
		{355A8DE2-6E81-48DA-AA05-7F649C65D9BF}.Debug|Any CPU.ActiveCfg = Debug|Any CPU
		{355A8DE2-6E81-48DA-AA05-7F649C65D9BF}.Debug|Any CPU.Build.0 = Debug|Any CPU
		{355A8DE2-6E81-48DA-AA05-7F649C65D9BF}.Release|Any CPU.ActiveCfg = Release|Any CPU
		{355A8DE2-6E81-48DA-AA05-7F649C65D9BF}.Release|Any CPU.Build.0 = Release|Any CPU
		{5D62F72D-DF76-4B6C-992C-69BC7AFBF549}.Debug|Any CPU.ActiveCfg = Debug|Any CPU
		{5D62F72D-DF76-4B6C-992C-69BC7AFBF549}.Debug|Any CPU.Build.0 = Debug|Any CPU
		{5D62F72D-DF76-4B6C-992C-69BC7AFBF549}.Release|Any CPU.ActiveCfg = Release|Any CPU
		{5D62F72D-DF76-4B6C-992C-69BC7AFBF549}.Release|Any CPU.Build.0 = Release|Any CPU
		{E08ABD76-44FF-40DA-9182-B11E2F1EA71F}.Debug|Any CPU.ActiveCfg = Debug|Any CPU
		{E08ABD76-44FF-40DA-9182-B11E2F1EA71F}.Debug|Any CPU.Build.0 = Debug|Any CPU
		{E08ABD76-44FF-40DA-9182-B11E2F1EA71F}.Release|Any CPU.ActiveCfg = Release|Any CPU
		{E08ABD76-44FF-40DA-9182-B11E2F1EA71F}.Release|Any CPU.Build.0 = Release|Any CPU
		{41A8AA9C-9E3C-4856-8A0D-833BF3F67051}.Debug|Any CPU.ActiveCfg = Debug|Any CPU
		{41A8AA9C-9E3C-4856-8A0D-833BF3F67051}.Debug|Any CPU.Build.0 = Debug|Any CPU
		{41A8AA9C-9E3C-4856-8A0D-833BF3F67051}.Release|Any CPU.ActiveCfg = Release|Any CPU
		{41A8AA9C-9E3C-4856-8A0D-833BF3F67051}.Release|Any CPU.Build.0 = Release|Any CPU
		{807D1A05-CA93-46D8-B398-F5D727D0AB76}.Debug|Any CPU.ActiveCfg = Debug|Any CPU
		{807D1A05-CA93-46D8-B398-F5D727D0AB76}.Debug|Any CPU.Build.0 = Debug|Any CPU
		{807D1A05-CA93-46D8-B398-F5D727D0AB76}.Release|Any CPU.ActiveCfg = Release|Any CPU
		{807D1A05-CA93-46D8-B398-F5D727D0AB76}.Release|Any CPU.Build.0 = Release|Any CPU
		{1669DF23-502F-4598-A510-B46034A42D9C}.Debug|Any CPU.ActiveCfg = Debug|Any CPU
		{1669DF23-502F-4598-A510-B46034A42D9C}.Debug|Any CPU.Build.0 = Debug|Any CPU
		{1669DF23-502F-4598-A510-B46034A42D9C}.Release|Any CPU.ActiveCfg = Release|Any CPU
		{1669DF23-502F-4598-A510-B46034A42D9C}.Release|Any CPU.Build.0 = Release|Any CPU
		{978011E0-61E2-4851-B4FE-B8C18E2CBC79}.Debug|Any CPU.ActiveCfg = Debug|Any CPU
		{978011E0-61E2-4851-B4FE-B8C18E2CBC79}.Debug|Any CPU.Build.0 = Debug|Any CPU
		{978011E0-61E2-4851-B4FE-B8C18E2CBC79}.Release|Any CPU.ActiveCfg = Release|Any CPU
		{978011E0-61E2-4851-B4FE-B8C18E2CBC79}.Release|Any CPU.Build.0 = Release|Any CPU
		{FDDDD02F-3EFF-4126-B167-7F129B71DB67}.Debug|Any CPU.ActiveCfg = Debug|Any CPU
		{FDDDD02F-3EFF-4126-B167-7F129B71DB67}.Debug|Any CPU.Build.0 = Debug|Any CPU
		{FDDDD02F-3EFF-4126-B167-7F129B71DB67}.Release|Any CPU.ActiveCfg = Release|Any CPU
		{FDDDD02F-3EFF-4126-B167-7F129B71DB67}.Release|Any CPU.Build.0 = Release|Any CPU
		{BC9081DA-FBC7-4BC7-8B4C-4CC8226A2B93}.Debug|Any CPU.ActiveCfg = Debug|Any CPU
		{BC9081DA-FBC7-4BC7-8B4C-4CC8226A2B93}.Debug|Any CPU.Build.0 = Debug|Any CPU
		{BC9081DA-FBC7-4BC7-8B4C-4CC8226A2B93}.Release|Any CPU.ActiveCfg = Release|Any CPU
		{BC9081DA-FBC7-4BC7-8B4C-4CC8226A2B93}.Release|Any CPU.Build.0 = Release|Any CPU
		{953A75B7-3200-43FD-B896-1C09BAF4D890}.Debug|Any CPU.ActiveCfg = Debug|Any CPU
		{953A75B7-3200-43FD-B896-1C09BAF4D890}.Debug|Any CPU.Build.0 = Debug|Any CPU
		{953A75B7-3200-43FD-B896-1C09BAF4D890}.Release|Any CPU.ActiveCfg = Release|Any CPU
		{953A75B7-3200-43FD-B896-1C09BAF4D890}.Release|Any CPU.Build.0 = Release|Any CPU
		{EBD3B2A5-D900-485D-BADC-188C46911502}.Debug|Any CPU.ActiveCfg = Debug|Any CPU
		{EBD3B2A5-D900-485D-BADC-188C46911502}.Debug|Any CPU.Build.0 = Debug|Any CPU
		{EBD3B2A5-D900-485D-BADC-188C46911502}.Release|Any CPU.ActiveCfg = Release|Any CPU
		{EBD3B2A5-D900-485D-BADC-188C46911502}.Release|Any CPU.Build.0 = Release|Any CPU
		{79385C29-8CF1-459B-936D-C5F28AA0FC34}.Debug|Any CPU.ActiveCfg = Debug|Any CPU
		{79385C29-8CF1-459B-936D-C5F28AA0FC34}.Debug|Any CPU.Build.0 = Debug|Any CPU
		{79385C29-8CF1-459B-936D-C5F28AA0FC34}.Release|Any CPU.ActiveCfg = Release|Any CPU
		{79385C29-8CF1-459B-936D-C5F28AA0FC34}.Release|Any CPU.Build.0 = Release|Any CPU
		{FBF662E5-98AD-456E-A281-54D1991D5286}.Debug|Any CPU.ActiveCfg = Debug|Any CPU
		{FBF662E5-98AD-456E-A281-54D1991D5286}.Debug|Any CPU.Build.0 = Debug|Any CPU
		{FBF662E5-98AD-456E-A281-54D1991D5286}.Release|Any CPU.ActiveCfg = Release|Any CPU
		{FBF662E5-98AD-456E-A281-54D1991D5286}.Release|Any CPU.Build.0 = Release|Any CPU
		{2721CB64-33EB-404B-BCED-23B3242F5F67}.Debug|Any CPU.ActiveCfg = Debug|Any CPU
		{2721CB64-33EB-404B-BCED-23B3242F5F67}.Debug|Any CPU.Build.0 = Debug|Any CPU
		{2721CB64-33EB-404B-BCED-23B3242F5F67}.Release|Any CPU.ActiveCfg = Release|Any CPU
		{2721CB64-33EB-404B-BCED-23B3242F5F67}.Release|Any CPU.Build.0 = Release|Any CPU
		{AB4B2DC5-37BC-4E48-8F49-4F5B762BD2C8}.Debug|Any CPU.ActiveCfg = Debug|Any CPU
		{AB4B2DC5-37BC-4E48-8F49-4F5B762BD2C8}.Debug|Any CPU.Build.0 = Debug|Any CPU
		{AB4B2DC5-37BC-4E48-8F49-4F5B762BD2C8}.Release|Any CPU.ActiveCfg = Release|Any CPU
		{AB4B2DC5-37BC-4E48-8F49-4F5B762BD2C8}.Release|Any CPU.Build.0 = Release|Any CPU
		{32A3DA4C-5D8D-483A-AB71-655E8AEBEED8}.Debug|Any CPU.ActiveCfg = Debug|Any CPU
		{32A3DA4C-5D8D-483A-AB71-655E8AEBEED8}.Debug|Any CPU.Build.0 = Debug|Any CPU
		{32A3DA4C-5D8D-483A-AB71-655E8AEBEED8}.Release|Any CPU.ActiveCfg = Release|Any CPU
		{32A3DA4C-5D8D-483A-AB71-655E8AEBEED8}.Release|Any CPU.Build.0 = Release|Any CPU
		{8CE7EDE3-EF1F-4CB2-8D57-A80A80E755AB}.Debug|Any CPU.ActiveCfg = Debug|Any CPU
		{8CE7EDE3-EF1F-4CB2-8D57-A80A80E755AB}.Debug|Any CPU.Build.0 = Debug|Any CPU
		{8CE7EDE3-EF1F-4CB2-8D57-A80A80E755AB}.Release|Any CPU.ActiveCfg = Release|Any CPU
		{8CE7EDE3-EF1F-4CB2-8D57-A80A80E755AB}.Release|Any CPU.Build.0 = Release|Any CPU
		{DEE74EEF-E0D7-484C-A09F-2FD16FEB869B}.Debug|Any CPU.ActiveCfg = Debug|Any CPU
		{DEE74EEF-E0D7-484C-A09F-2FD16FEB869B}.Debug|Any CPU.Build.0 = Debug|Any CPU
		{DEE74EEF-E0D7-484C-A09F-2FD16FEB869B}.Release|Any CPU.ActiveCfg = Release|Any CPU
		{DEE74EEF-E0D7-484C-A09F-2FD16FEB869B}.Release|Any CPU.Build.0 = Release|Any CPU
		{B39B5A1B-B912-4A90-8747-AA99B7F2EEA3}.Debug|Any CPU.ActiveCfg = Debug|Any CPU
		{B39B5A1B-B912-4A90-8747-AA99B7F2EEA3}.Debug|Any CPU.Build.0 = Debug|Any CPU
		{B39B5A1B-B912-4A90-8747-AA99B7F2EEA3}.Release|Any CPU.ActiveCfg = Release|Any CPU
		{B39B5A1B-B912-4A90-8747-AA99B7F2EEA3}.Release|Any CPU.Build.0 = Release|Any CPU
		{D59E44E9-5828-480A-A3F9-F12A63B983BF}.Debug|Any CPU.ActiveCfg = Debug|Any CPU
		{D59E44E9-5828-480A-A3F9-F12A63B983BF}.Debug|Any CPU.Build.0 = Debug|Any CPU
		{D59E44E9-5828-480A-A3F9-F12A63B983BF}.Release|Any CPU.ActiveCfg = Release|Any CPU
		{D59E44E9-5828-480A-A3F9-F12A63B983BF}.Release|Any CPU.Build.0 = Release|Any CPU
	EndGlobalSection
	GlobalSection(SolutionProperties) = preSolution
		HideSolutionNode = FALSE
	EndGlobalSection
	GlobalSection(NestedProjects) = preSolution
		{8F8808C4-974C-4868-97E6-A4A8922C0FB6} = {0B113E2E-AC17-43F8-83F9-CD91C37F8DF5}
		{E3BD6223-B8CB-44DC-A8F8-A7C3C8D26E9F} = {0B113E2E-AC17-43F8-83F9-CD91C37F8DF5}
		{721B162D-8FCB-4E88-9852-B62FAC1D55A6} = {0B113E2E-AC17-43F8-83F9-CD91C37F8DF5}
		{BC821774-102D-485C-93F1-CB23EEDE6F38} = {0B113E2E-AC17-43F8-83F9-CD91C37F8DF5}
		{BCDBC77E-16AE-4139-9C68-639CEE37E70E} = {0B113E2E-AC17-43F8-83F9-CD91C37F8DF5}
		{583FC26A-9742-4C1F-B7AC-C42DE7CCDA0D} = {0B113E2E-AC17-43F8-83F9-CD91C37F8DF5}
		{8FEBD65B-F155-4945-A5E1-572DAF5A4E46} = {0B113E2E-AC17-43F8-83F9-CD91C37F8DF5}
		{ED6D7DC0-DA30-417E-8F66-F29BA6A63DE2} = {0B113E2E-AC17-43F8-83F9-CD91C37F8DF5}
		{A46D9269-2E2B-4C96-BD36-82485A8CD938} = {3D2249C9-12C5-4B16-9275-7BF81D1A13BD}
		{7C975B50-243E-4E3D-86A6-F523C97A38D2} = {3D2249C9-12C5-4B16-9275-7BF81D1A13BD}
		{5456417A-158B-4318-B53B-2786FA56B168} = {3D2249C9-12C5-4B16-9275-7BF81D1A13BD}
		{0824FE6C-9326-4910-BA73-E05FE8984672} = {3D2249C9-12C5-4B16-9275-7BF81D1A13BD}
		{FD760E60-1702-4F17-8C86-7392645EBCC2} = {6CC54569-3F8B-43F8-A5F6-91E8E2913560}
		{AC7D3134-46ED-426D-B117-FD8BCA81FE49} = {0B113E2E-AC17-43F8-83F9-CD91C37F8DF5}
		{99E50316-FF6E-4C77-A7A2-51B87E0A3753} = {0B113E2E-AC17-43F8-83F9-CD91C37F8DF5}
		{B313DF02-8E79-4C2A-874E-5033CE7133D7} = {0B113E2E-AC17-43F8-83F9-CD91C37F8DF5}
		{161D2FA2-67AC-4542-8387-26F7AEF4957A} = {0B113E2E-AC17-43F8-83F9-CD91C37F8DF5}
		{9006FA0D-BCFF-46C4-A54C-F269E4BB45BF} = {488AE042-C445-49B5-9D8F-72C24E8A0832}
		{575B7F12-1EBD-4B9D-8B5C-A47D5AB9BC2A} = {488AE042-C445-49B5-9D8F-72C24E8A0832}
		{72394519-83A1-4F76-960D-C5E8B1435264} = {0B113E2E-AC17-43F8-83F9-CD91C37F8DF5}
		{6A7E903C-33B5-4665-BC2B-C295D8B4237F} = {488AE042-C445-49B5-9D8F-72C24E8A0832}
		{BAD270A9-B9BD-4C4D-92D9-D846ED78CA26} = {DCD4381A-5600-4223-9761-0C9176D0C773}
		{355A8DE2-6E81-48DA-AA05-7F649C65D9BF} = {14316E08-5E79-44A9-931E-EF0DC741CB26}
		{5D62F72D-DF76-4B6C-992C-69BC7AFBF549} = {0B113E2E-AC17-43F8-83F9-CD91C37F8DF5}
		{E08ABD76-44FF-40DA-9182-B11E2F1EA71F} = {0B113E2E-AC17-43F8-83F9-CD91C37F8DF5}
		{41A8AA9C-9E3C-4856-8A0D-833BF3F67051} = {0B113E2E-AC17-43F8-83F9-CD91C37F8DF5}
		{807D1A05-CA93-46D8-B398-F5D727D0AB76} = {0B113E2E-AC17-43F8-83F9-CD91C37F8DF5}
		{1669DF23-502F-4598-A510-B46034A42D9C} = {0B113E2E-AC17-43F8-83F9-CD91C37F8DF5}
		{978011E0-61E2-4851-B4FE-B8C18E2CBC79} = {33D898AB-633D-43B1-9985-F5324AB24828}
		{FDDDD02F-3EFF-4126-B167-7F129B71DB67} = {33D898AB-633D-43B1-9985-F5324AB24828}
		{BC9081DA-FBC7-4BC7-8B4C-4CC8226A2B93} = {33D898AB-633D-43B1-9985-F5324AB24828}
		{953A75B7-3200-43FD-B896-1C09BAF4D890} = {E57D5DDE-DE24-410A-9C29-BC10083ABD73}
		{EBD3B2A5-D900-485D-BADC-188C46911502} = {20E1C64F-2EEF-4A1D-9E91-78B164C120D2}
		{79385C29-8CF1-459B-936D-C5F28AA0FC34} = {0B113E2E-AC17-43F8-83F9-CD91C37F8DF5}
		{FBF662E5-98AD-456E-A281-54D1991D5286} = {33D898AB-633D-43B1-9985-F5324AB24828}
		{2721CB64-33EB-404B-BCED-23B3242F5F67} = {20E1C64F-2EEF-4A1D-9E91-78B164C120D2}
		{AB4B2DC5-37BC-4E48-8F49-4F5B762BD2C8} = {E4004906-72CE-43D4-8465-DDBD3EA417D2}
		{32A3DA4C-5D8D-483A-AB71-655E8AEBEED8} = {E4004906-72CE-43D4-8465-DDBD3EA417D2}
		{8CE7EDE3-EF1F-4CB2-8D57-A80A80E755AB} = {0B113E2E-AC17-43F8-83F9-CD91C37F8DF5}
		{DEE74EEF-E0D7-484C-A09F-2FD16FEB869B} = {0B113E2E-AC17-43F8-83F9-CD91C37F8DF5}
		{B39B5A1B-B912-4A90-8747-AA99B7F2EEA3} = {0B113E2E-AC17-43F8-83F9-CD91C37F8DF5}
		{D59E44E9-5828-480A-A3F9-F12A63B983BF} = {0B113E2E-AC17-43F8-83F9-CD91C37F8DF5}
	EndGlobalSection
	GlobalSection(ExtensibilityGlobals) = postSolution
		SolutionGuid = {E4A0945F-B6D5-441D-AB88-804220A5C5CE}
	EndGlobalSection
EndGlobal
