
Microsoft Visual Studio Solution File, Format Version 12.00
# Visual Studio Version 16
VisualStudioVersion = 16.0.28922.388
MinimumVisualStudioVersion = 10.0.40219.1
Project("{9A19103F-16F7-4668-BE54-9A1E7A4F7556}") = "MaxSumSubArray", "SlidingWindows\MaxSumSubArray\MaxSumSubArray.csproj", "{8F8808C4-974C-4868-97E6-A4A8922C0FB6}"
EndProject
Project("{2150E333-8FDC-42A3-9474-1A3956D46DE8}") = "SlidingWindows", "SlidingWindows", "{0B113E2E-AC17-43F8-83F9-CD91C37F8DF5}"
EndProject
Project("{9A19103F-16F7-4668-BE54-9A1E7A4F7556}") = "MinSlidingWindow", "MinSlidingWindow\MinSlidingWindow.csproj", "{E3BD6223-B8CB-44DC-A8F8-A7C3C8D26E9F}"
EndProject
Project("{9A19103F-16F7-4668-BE54-9A1E7A4F7556}") = "TripleSum", "TripleSum\TripleSum.csproj", "{721B162D-8FCB-4E88-9852-B62FAC1D55A6}"
EndProject
Project("{9A19103F-16F7-4668-BE54-9A1E7A4F7556}") = "TripletSumClosestTarget", "TripletSumClosestTarget\TripletSumClosestTarget.csproj", "{BC821774-102D-485C-93F1-CB23EEDE6F38}"
EndProject
Project("{9A19103F-16F7-4668-BE54-9A1E7A4F7556}") = "TripletWithSmallerSum", "TripletWithSmallerSum\TripletWithSmallerSum.csproj", "{BCDBC77E-16AE-4139-9C68-639CEE37E70E}"
EndProject
Project("{9A19103F-16F7-4668-BE54-9A1E7A4F7556}") = "DutchNationFlag", "ConsoleApp1\DutchNationFlag.csproj", "{583FC26A-9742-4C1F-B7AC-C42DE7CCDA0D}"
EndProject
Project("{9A19103F-16F7-4668-BE54-9A1E7A4F7556}") = "QuadrapuletSum", "QuadrapuletSum\QuadrapuletSum.csproj", "{8FEBD65B-F155-4945-A5E1-572DAF5A4E46}"
EndProject
Project("{9A19103F-16F7-4668-BE54-9A1E7A4F7556}") = "CompareStrings", "CompareStrings\CompareStrings.csproj", "{ED6D7DC0-DA30-417E-8F66-F29BA6A63DE2}"
EndProject
Project("{2150E333-8FDC-42A3-9474-1A3956D46DE8}") = "Lists", "Lists", "{3D2249C9-12C5-4B16-9275-7BF81D1A13BD}"
EndProject
Project("{9A19103F-16F7-4668-BE54-9A1E7A4F7556}") = "ListOperations", "ListOperations\ListOperations.csproj", "{A46D9269-2E2B-4C96-BD36-82485A8CD938}"
EndProject
Project("{9A19103F-16F7-4668-BE54-9A1E7A4F7556}") = "HappyNumbers", "HappyNumbers\HappyNumbers.csproj", "{7C975B50-243E-4E3D-86A6-F523C97A38D2}"
EndProject
Project("{9A19103F-16F7-4668-BE54-9A1E7A4F7556}") = "MiddleOfList", "MiddleOfList\MiddleOfList.csproj", "{5456417A-158B-4318-B53B-2786FA56B168}"
EndProject
Project("{9A19103F-16F7-4668-BE54-9A1E7A4F7556}") = "IsPalindrome", "IsPalindrome\IsPalindrome.csproj", "{0824FE6C-9326-4910-BA73-E05FE8984672}"
EndProject
Project("{2150E333-8FDC-42A3-9474-1A3956D46DE8}") = "MergeIntervals", "MergeIntervals", "{6CC54569-3F8B-43F8-A5F6-91E8E2913560}"
EndProject
Project("{9A19103F-16F7-4668-BE54-9A1E7A4F7556}") = "MergeInterval", "MergeInterval\MergeInterval.csproj", "{FD760E60-1702-4F17-8C86-7392645EBCC2}"
EndProject
Project("{9A19103F-16F7-4668-BE54-9A1E7A4F7556}") = "FindMaxAvergeOfKNums", "FindMaxAvergeOfKNums\FindMaxAvergeOfKNums.csproj", "{AC7D3134-46ED-426D-B117-FD8BCA81FE49}"
EndProject
Project("{9A19103F-16F7-4668-BE54-9A1E7A4F7556}") = "FIndMaxAverage", "FIndMaxAverage\FIndMaxAverage.csproj", "{99E50316-FF6E-4C77-A7A2-51B87E0A3753}"
EndProject
Project("{9A19103F-16F7-4668-BE54-9A1E7A4F7556}") = "NonRepeatingSubarray", "NonRepeatingSubarray\NonRepeatingSubarray.csproj", "{B313DF02-8E79-4C2A-874E-5033CE7133D7}"
EndProject
Project("{9A19103F-16F7-4668-BE54-9A1E7A4F7556}") = "NonRepeatingSubString", "NonRepeatingSubString\NonRepeatingSubString.csproj", "{161D2FA2-67AC-4542-8387-26F7AEF4957A}"
EndProject
Project("{2150E333-8FDC-42A3-9474-1A3956D46DE8}") = "Recursion", "Recursion", "{488AE042-C445-49B5-9D8F-72C24E8A0832}"
EndProject
Project("{9A19103F-16F7-4668-BE54-9A1E7A4F7556}") = "Fibinacci", "Fibinacci\Fibinacci.csproj", "{9006FA0D-BCFF-46C4-A54C-F269E4BB45BF}"
EndProject
Project("{9A19103F-16F7-4668-BE54-9A1E7A4F7556}") = "ReverseString", "ReverseString\ReverseString.csproj", "{575B7F12-1EBD-4B9D-8B5C-A47D5AB9BC2A}"
EndProject
Project("{9A19103F-16F7-4668-BE54-9A1E7A4F7556}") = "TripleSumNew", "TripleSumNew\TripleSumNew.csproj", "{72394519-83A1-4F76-960D-C5E8B1435264}"
EndProject
Project("{9A19103F-16F7-4668-BE54-9A1E7A4F7556}") = "Quora_SubsetZero", "Quora_SubsetZero\Quora_SubsetZero.csproj", "{6A7E903C-33B5-4665-BC2B-C295D8B4237F}"
EndProject
Project("{2150E333-8FDC-42A3-9474-1A3956D46DE8}") = "TwoPointers", "TwoPointers", "{DCD4381A-5600-4223-9761-0C9176D0C773}"
EndProject
Project("{9A19103F-16F7-4668-BE54-9A1E7A4F7556}") = "SortArray", "SortArray\SortArray.csproj", "{BAD270A9-B9BD-4C4D-92D9-D846ED78CA26}"
EndProject
Project("{2150E333-8FDC-42A3-9474-1A3956D46DE8}") = "Tree", "Tree", "{14316E08-5E79-44A9-931E-EF0DC741CB26}"
EndProject
Project("{9A19103F-16F7-4668-BE54-9A1E7A4F7556}") = "TreeConstruction", "TreeConstruction\TreeConstruction.csproj", "{355A8DE2-6E81-48DA-AA05-7F649C65D9BF}"
EndProject
Project("{9A19103F-16F7-4668-BE54-9A1E7A4F7556}") = "SubArrayWithSum", "SubArrayWithSum\SubArrayWithSum.csproj", "{5D62F72D-DF76-4B6C-992C-69BC7AFBF549}"
EndProject
Project("{9A19103F-16F7-4668-BE54-9A1E7A4F7556}") = "SortBinaryArray", "SortBinaryArray\SortBinaryArray.csproj", "{E08ABD76-44FF-40DA-9182-B11E2F1EA71F}"
EndProject
Project("{9A19103F-16F7-4668-BE54-9A1E7A4F7556}") = "DuplicateDetection", "DuplicateDetection\DuplicateDetection.csproj", "{41A8AA9C-9E3C-4856-8A0D-833BF3F67051}"
EndProject
Project("{9A19103F-16F7-4668-BE54-9A1E7A4F7556}") = "LargestUniqueSubArray", "LargestUniqueSubArray\LargestUniqueSubArray.csproj", "{807D1A05-CA93-46D8-B398-F5D727D0AB76}"
EndProject
Project("{9A19103F-16F7-4668-BE54-9A1E7A4F7556}") = "MaximumLengthSubArrayOfSum", "MaximumLengthSubArrayOfSum\MaximumLengthSubArrayOfSum.csproj", "{1669DF23-502F-4598-A510-B46034A42D9C}"
EndProject
Project("{2150E333-8FDC-42A3-9474-1A3956D46DE8}") = "Sorting", "Sorting", "{33D898AB-633D-43B1-9985-F5324AB24828}"
EndProject
Project("{9A19103F-16F7-4668-BE54-9A1E7A4F7556}") = "QuickSort", "QuickSort\QuickSort.csproj", "{978011E0-61E2-4851-B4FE-B8C18E2CBC79}"
EndProject
Project("{9A19103F-16F7-4668-BE54-9A1E7A4F7556}") = "InMemoryMergeOfArray", "InMemoryMergeOfArray\InMemoryMergeOfArray.csproj", "{FDDDD02F-3EFF-4126-B167-7F129B71DB67}"
EndProject
Project("{9A19103F-16F7-4668-BE54-9A1E7A4F7556}") = "MergeSortWithConstrain", "MergeSortWithConstrain\MergeSortWithConstrain.csproj", "{BC9081DA-FBC7-4BC7-8B4C-4CC8226A2B93}"
EndProject
Project("{2150E333-8FDC-42A3-9474-1A3956D46DE8}") = "Search", "Search", "{E57D5DDE-DE24-410A-9C29-BC10083ABD73}"
EndProject
Project("{9A19103F-16F7-4668-BE54-9A1E7A4F7556}") = "BinarySearch", "BinarySearch\BinarySearch.csproj", "{953A75B7-3200-43FD-B896-1C09BAF4D890}"
EndProject
Project("{2150E333-8FDC-42A3-9474-1A3956D46DE8}") = "BinaryTree", "BinaryTree", "{20E1C64F-2EEF-4A1D-9E91-78B164C120D2}"
EndProject
Project("{9A19103F-16F7-4668-BE54-9A1E7A4F7556}") = "BinarySearchTree", "BinarySearchTree\BinarySearchTree.csproj", "{EBD3B2A5-D900-485D-BADC-188C46911502}"
EndProject
Project("{9A19103F-16F7-4668-BE54-9A1E7A4F7556}") = "Rearrange", "Rearrange\Rearrange.csproj", "{79385C29-8CF1-459B-936D-C5F28AA0FC34}"
EndProject
Project("{9A19103F-16F7-4668-BE54-9A1E7A4F7556}") = "MergeSortRecursive", "MergeSortRecursive\MergeSortRecursive.csproj", "{FBF662E5-98AD-456E-A281-54D1991D5286}"
EndProject
Project("{9A19103F-16F7-4668-BE54-9A1E7A4F7556}") = "BinaryTreeMaxSumPath", "BinaryTreeMaxSumPath\BinaryTreeMaxSumPath.csproj", "{2721CB64-33EB-404B-BCED-23B3242F5F67}"
EndProject
Project("{2150E333-8FDC-42A3-9474-1A3956D46DE8}") = "CyclicSort", "CyclicSort", "{E4004906-72CE-43D4-8465-DDBD3EA417D2}"
EndProject
Project("{9A19103F-16F7-4668-BE54-9A1E7A4F7556}") = "FindMissingNumber", "FindMissingNumber\FindMissingNumber.csproj", "{AB4B2DC5-37BC-4E48-8F49-4F5B762BD2C8}"
EndProject
Project("{9A19103F-16F7-4668-BE54-9A1E7A4F7556}") = "FindDuplicate", "FindDuplicate\FindDuplicate.csproj", "{32A3DA4C-5D8D-483A-AB71-655E8AEBEED8}"
EndProject
Project("{9A19103F-16F7-4668-BE54-9A1E7A4F7556}") = "Equilibrium", "Equilibrium\Equilibrium.csproj", "{8CE7EDE3-EF1F-4CB2-8D57-A80A80E755AB}"
EndProject
Project("{9A19103F-16F7-4668-BE54-9A1E7A4F7556}") = "MoveZero", "MoveZero\MoveZero.csproj", "{DEE74EEF-E0D7-484C-A09F-2FD16FEB869B}"
EndProject
Project("{9A19103F-16F7-4668-BE54-9A1E7A4F7556}") = "Product", "Product\Product.csproj", "{B39B5A1B-B912-4A90-8747-AA99B7F2EEA3}"
EndProject
Project("{9A19103F-16F7-4668-BE54-9A1E7A4F7556}") = "Diff", "Diff\Diff.csproj", "{D59E44E9-5828-480A-A3F9-F12A63B983BF}"
EndProject
Project("{9A19103F-16F7-4668-BE54-9A1E7A4F7556}") = "LonestUniqueCharacterSubstring", "LonestUniqueCharacterSubstring\LonestUniqueCharacterSubstring.csproj", "{0BEA2DA4-AA46-4E20-9867-5F9A6E78AA32}"
EndProject
Project("{9A19103F-16F7-4668-BE54-9A1E7A4F7556}") = "FruitBacket", "FruitBacket\FruitBacket.csproj", "{0BCEBC76-9299-44A5-B857-8D3BF5C88C7B}"
EndProject
Project("{9A19103F-16F7-4668-BE54-9A1E7A4F7556}") = "LongestSubstringWithoutDuplicate", "LongestSubstringWithoutDuplicate\LongestSubstringWithoutDuplicate.csproj", "{9989220A-BC09-47E6-99B4-1986DE3774CE}"
EndProject
Project("{2150E333-8FDC-42A3-9474-1A3956D46DE8}") = "String", "String", "{13511E6D-92CA-4785-A253-2FA212CDE187}"
EndProject
Project("{9A19103F-16F7-4668-BE54-9A1E7A4F7556}") = "StringUnique", "StringUnique\StringUnique.csproj", "{520D14EE-6A43-463E-8D29-A6CF0A64A984}"
EndProject
Project("{2150E333-8FDC-42A3-9474-1A3956D46DE8}") = "AVLTree", "AVLTree", "{E23F58BA-6991-4C36-BA11-0D529355D84A}"
EndProject
Project("{9A19103F-16F7-4668-BE54-9A1E7A4F7556}") = "AVLTreeCreation", "AVLTreeCreation\AVLTreeCreation.csproj", "{A8E01BA8-9F3F-4F89-AA7E-3BB554538FE4}"
EndProject
Project("{9A19103F-16F7-4668-BE54-9A1E7A4F7556}") = "SumFourNumbers", "SumFourNumbers\SumFourNumbers.csproj", "{BC25A85E-4EE6-42FD-B87B-63F12A82969A}"
EndProject
Project("{9A19103F-16F7-4668-BE54-9A1E7A4F7556}") = "MaximumSumSubArray", "MaximumSumSubArray\MaximumSumSubArray.csproj", "{DBCED636-32BB-4E7D-BAFA-99F2324CBD0C}"
EndProject
Project("{9A19103F-16F7-4668-BE54-9A1E7A4F7556}") = "MaximumSumircularArray", "MaximumSumircularArray\MaximumSumircularArray.csproj", "{BB2675AE-A743-49D9-A44C-CEA76C3AED7D}"
EndProject
Project("{2150E333-8FDC-42A3-9474-1A3956D46DE8}") = "Permutation", "Permutation", "{E97A517B-65EE-442E-9F64-DAB2CE526595}"
EndProject
Project("{9A19103F-16F7-4668-BE54-9A1E7A4F7556}") = "PermutationNumbers", "PermutationNumbers\PermutationNumbers.csproj", "{187B0F63-3AAD-4D93-8F9D-D29AE39775FE}"
EndProject
Project("{9A19103F-16F7-4668-BE54-9A1E7A4F7556}") = "ClosestPair", "ClosestPair\ClosestPair.csproj", "{358B7DE5-A33B-4BC6-9BE6-67F9CA308DF9}"
EndProject
Project("{9A19103F-16F7-4668-BE54-9A1E7A4F7556}") = "DeepthFirstTraversalTree", "DeepthFirstTraversalTree\DeepthFirstTraversalTree.csproj", "{18BD486F-3D60-4EE5-AAC4-81F6F875B554}"
EndProject
Project("{9A19103F-16F7-4668-BE54-9A1E7A4F7556}") = "PermutationWithConstrains", "PermutationWithConstrains\PermutationWithConstrains.csproj", "{05C11718-BBD9-4EDB-9213-81F2B5BF9EA3}"
EndProject
Project("{9A19103F-16F7-4668-BE54-9A1E7A4F7556}") = "DoublelyLinkedList", "DoublelyLinkedList\DoublelyLinkedList.csproj", "{62170E51-450B-4D9A-A5B6-503FFB501B84}"
EndProject
Project("{9A19103F-16F7-4668-BE54-9A1E7A4F7556}") = "BinaryTreeOperations", "BinaryTreeOperations\BinaryTreeOperations.csproj", "{E00AB188-08E3-4C82-AE49-23BCC73D53AE}"
EndProject
Project("{2150E333-8FDC-42A3-9474-1A3956D46DE8}") = "DFS", "DFS", "{8C5F4EC8-5C5A-414C-AFCC-53F977AD89BF}"
EndProject
Project("{9A19103F-16F7-4668-BE54-9A1E7A4F7556}") = "TargetSum", "TargetSum\TargetSum.csproj", "{87DA5EE4-EC50-43FE-A6CA-53EA0E467657}"
EndProject
Project("{9A19103F-16F7-4668-BE54-9A1E7A4F7556}") = "TreePathsBySum", "TreePathsBySum\TreePathsBySum.csproj", "{D59947A3-0332-45C2-9511-C4A074156959}"
EndProject
Project("{9A19103F-16F7-4668-BE54-9A1E7A4F7556}") = "FindMaxSumPath", "FindMaxSumPath\FindMaxSumPath.csproj", "{30B9C650-E9BA-4FF5-83DA-15681C2157DA}"
EndProject
Project("{2150E333-8FDC-42A3-9474-1A3956D46DE8}") = "BinaryHeap", "BinaryHeap", "{F4A9C80A-7D59-4858-9229-66991BA9EF72}"
EndProject
Project("{FAE04EC0-301F-11D3-BF4B-00C04F79EFBC}") = "BinaryHeapStudy", "BinaryHeapStudy\BinaryHeapStudy.csproj", "{0850537F-7DCA-46BC-B4D3-B335B83B84AA}"
EndProject
Project("{2150E333-8FDC-42A3-9474-1A3956D46DE8}") = "Graph", "Graph", "{3687344C-FD05-44FA-9B94-6FA96234C25D}"
EndProject
Project("{FAE04EC0-301F-11D3-BF4B-00C04F79EFBC}") = "BreadthFirstSearch", "BreadthFirstSearch\BreadthFirstSearch.csproj", "{2DE00FE1-A106-47C7-809D-8B0467269E9E}"
EndProject
Project("{FAE04EC0-301F-11D3-BF4B-00C04F79EFBC}") = "AdjacencyList", "AdjacencyList\AdjacencyList.csproj", "{C01F57DD-976B-493C-B84E-DD3479304786}"
EndProject
Project("{2150E333-8FDC-42A3-9474-1A3956D46DE8}") = "Intervals", "Intervals", "{4D481F51-02AD-4044-A9B9-67F322116955}"
EndProject
Project("{FAE04EC0-301F-11D3-BF4B-00C04F79EFBC}") = "CPUusage", "CPUusage\CPUusage.csproj", "{33D2CC77-18EE-4C9E-A3E5-C5354BF947B6}"
EndProject
Project("{FAE04EC0-301F-11D3-BF4B-00C04F79EFBC}") = "KMaxNumberinArray", "KMaxNumberinArray\KMaxNumberinArray.csproj", "{2D11F9BF-EB10-4453-8B6D-D4A7DCB9629D}"
EndProject
Project("{2150E333-8FDC-42A3-9474-1A3956D46DE8}") = "Dynamics", "Dynamics", "{CAC9F1F7-51F3-469B-9EDB-F0F25E71A7A6}"
EndProject
Project("{FAE04EC0-301F-11D3-BF4B-00C04F79EFBC}") = "MaxSumSubSequence", "MaxSumSubSequence\MaxSumSubSequence.csproj", "{9700350A-B54B-4CA0-B3CD-5EBED3BCB482}"
EndProject
Project("{FAE04EC0-301F-11D3-BF4B-00C04F79EFBC}") = "Heap", "Heap\Heap.csproj", "{3676780F-4E08-4147-B8EF-A89B9D0A8614}"
EndProject
Project("{FAE04EC0-301F-11D3-BF4B-00C04F79EFBC}") = "TripleSum-1", "TripleSum-1\TripleSum-1.csproj", "{7D954751-BD14-4235-AA96-873C51813FA8}"
EndProject
Project("{9A19103F-16F7-4668-BE54-9A1E7A4F7556}") = "BinaryTreeInversion", "BinaryTreeInversion\BinaryTreeInversion.csproj", "{27F98F0B-ECE2-4FAF-9E55-1E486C6F9969}"
EndProject
Project("{9A19103F-16F7-4668-BE54-9A1E7A4F7556}") = "SmallestDifference", "SmallestDifference\SmallestDifference.csproj", "{90602E2F-57D9-4B3F-98C7-B2026231F56F}"
EndProject
Project("{9A19103F-16F7-4668-BE54-9A1E7A4F7556}") = "ValidateBst", "ValidateBst\ValidateBst.csproj", "{60193647-3295-41C0-B919-172B422E78A3}"
EndProject
Project("{2150E333-8FDC-42A3-9474-1A3956D46DE8}") = "SubSets", "SubSets", "{C9F89293-16E9-4C7C-9A6A-BF3ADEEB11F1}"
EndProject
Project("{FAE04EC0-301F-11D3-BF4B-00C04F79EFBC}") = "SubSets", "SubSets\SubSets.csproj", "{AE177EB8-4A7F-4A51-BD71-3F3FCBD4807B}"
EndProject
Project("{FAE04EC0-301F-11D3-BF4B-00C04F79EFBC}") = "PermuteCharacterWithoutOrderChanging", "PermuteCharacterWithoutOrderChanging\PermuteCharacterWithoutOrderChanging.csproj", "{21C90C98-2955-4B7B-82BE-519D312D15C9}"
EndProject
Project("{FAE04EC0-301F-11D3-BF4B-00C04F79EFBC}") = "ListReverse", "ListReverse\ListReverse.csproj", "{52EB175D-7877-4584-B6B5-9B9369A89D97}"
EndProject
Project("{2150E333-8FDC-42A3-9474-1A3956D46DE8}") = "Stock", "Stock", "{28320735-515C-4EA6-80CB-BC45EB7226D5}"
EndProject
Project("{FAE04EC0-301F-11D3-BF4B-00C04F79EFBC}") = "MaximumStockProfit", "MaximumStockProfit\MaximumStockProfit.csproj", "{C26669FC-E50E-4A3D-BD5E-0DF7010A5F1E}"
EndProject
Project("{2150E333-8FDC-42A3-9474-1A3956D46DE8}") = "Algorithms", "Algorithms", "{06565409-EEEA-4BED-B2CB-6450343F1A4C}"
EndProject
Project("{FAE04EC0-301F-11D3-BF4B-00C04F79EFBC}") = "KadanesMaximumSumSubarray", "KadanesMaximumSumSubarray\KadanesMaximumSumSubarray.csproj", "{29DEE430-BC7F-4E1C-9631-17278EA3C91B}"
EndProject
Project("{FAE04EC0-301F-11D3-BF4B-00C04F79EFBC}") = "BuildHeap", "BuildHeap\BuildHeap.csproj", "{D13D22EE-D5F9-439D-BF67-D0949DE55C1E}"
EndProject
Project("{FAE04EC0-301F-11D3-BF4B-00C04F79EFBC}") = "MergeSort", "MergeSort\MergeSort.csproj", "{79059E5A-30A5-4DD0-83A6-A6D43B7B7996}"
EndProject
Project("{9A19103F-16F7-4668-BE54-9A1E7A4F7556}") = "RemoveDuplicate", "RemoveDuplicate\RemoveDuplicate.csproj", "{F5C255B9-3013-4362-95EB-82F05C639B5E}"
EndProject
Project("{FAE04EC0-301F-11D3-BF4B-00C04F79EFBC}") = "TripletSum", "TripletSum\TripletSum.csproj", "{E95D53EB-680B-401C-B703-3C33C9065053}"
EndProject
Project("{FAE04EC0-301F-11D3-BF4B-00C04F79EFBC}") = "TwoSum-BinaryTree", "TwoSum-BinaryTree\TwoSum-BinaryTree.csproj", "{58FDE96D-DAB7-4CD0-A4E1-BC9E914ADCF9}"
EndProject
Project("{FAE04EC0-301F-11D3-BF4B-00C04F79EFBC}") = "Median", "Median\Median.csproj", "{07732E87-F924-4F7F-95A6-B43DB8D21EF3}"
EndProject
Project("{FAE04EC0-301F-11D3-BF4B-00C04F79EFBC}") = "ContainerWithMostWater", "ContainerWithMostWater\ContainerWithMostWater.csproj", "{D11D7187-9A71-43CC-BB76-5B74A8B31492}"
EndProject
Project("{2150E333-8FDC-42A3-9474-1A3956D46DE8}") = "Sums", "Sums", "{B29D3402-A561-4B04-817C-21EF50A9B8D2}"
EndProject
Project("{FAE04EC0-301F-11D3-BF4B-00C04F79EFBC}") = "TwoNumebrSum", "TwoNumebrSum\TwoNumebrSum.csproj", "{48D5E726-E38E-49D1-B2BA-D8FA27C7144F}"
EndProject
Project("{FAE04EC0-301F-11D3-BF4B-00C04F79EFBC}") = "CalendarMatching", "CalendarMatching\CalendarMatching.csproj", "{568390C6-4AA5-4E52-AD6B-437AACE55A5E}"
EndProject
Project("{2150E333-8FDC-42A3-9474-1A3956D46DE8}") = "Array", "Array", "{038E99FA-6169-4946-8F39-120119DD50B0}"
EndProject
Project("{FAE04EC0-301F-11D3-BF4B-00C04F79EFBC}") = "LongestPeak", "LongestPeak\LongestPeak.csproj", "{F5224636-AC58-43E0-BA3F-58EFDF76A49D}"
EndProject
Project("{2150E333-8FDC-42A3-9474-1A3956D46DE8}") = "AlgoExpert", "AlgoExpert", "{85AB6419-B263-48C3-A70F-EDF17CB52069}"
EndProject
Project("{2150E333-8FDC-42A3-9474-1A3956D46DE8}") = "Arrays", "Arrays", "{6C2E97A2-3AB1-46AA-A2BE-B994A3CE2DEE}"
EndProject
Project("{FAE04EC0-301F-11D3-BF4B-00C04F79EFBC}") = "MatrixSpiralTraversal", "MatrixSpiralTraversal\MatrixSpiralTraversal.csproj", "{49C67C0B-318E-43FB-AB74-3E1263ED7C1D}"
EndProject
Project("{FAE04EC0-301F-11D3-BF4B-00C04F79EFBC}") = "Monotonic", "Monotonic\Monotonic.csproj", "{1DC1ED52-43CB-4BE5-8AF6-269194BB7A24}"
EndProject
Project("{FAE04EC0-301F-11D3-BF4B-00C04F79EFBC}") = "MoveElementToEnd", "MoveElementToEnd\MoveElementToEnd.csproj", "{B33E7E0D-F166-40CA-B05B-ABCC6FAF436D}"
EndProject
Project("{FAE04EC0-301F-11D3-BF4B-00C04F79EFBC}") = "SmallestDifference_sol2", "SmallestDifference_sol2\SmallestDifference_sol2.csproj", "{3C183312-7F64-4DDD-8770-85900C5DB1C5}"
EndProject
Project("{2150E333-8FDC-42A3-9474-1A3956D46DE8}") = "InterviewRevisions", "InterviewRevisions", "{568549BE-4D5C-4C5C-87E9-C36BA0D8B50C}"
EndProject
Project("{2150E333-8FDC-42A3-9474-1A3956D46DE8}") = "Array", "Array", "{5BC546B2-EC53-469A-B682-55FE9C762E43}"
EndProject
Project("{FAE04EC0-301F-11D3-BF4B-00C04F79EFBC}") = "IsUniqueCharString", "IsUniqueCharString\IsUniqueCharString.csproj", "{16C82D54-A641-43A8-AFC9-897E8EFC180E}"
EndProject
Project("{FAE04EC0-301F-11D3-BF4B-00C04F79EFBC}") = "StringReverse", "StringReverse\StringReverse.csproj", "{5BEF2DE6-A9D5-4780-910E-C3AB2DDD38AA}"
EndProject
Project("{FAE04EC0-301F-11D3-BF4B-00C04F79EFBC}") = "StringPermutation", "StringPermutation\StringPermutation.csproj", "{4EA8F66C-C039-47F7-9364-E6780C7570EC}"
EndProject
Project("{FAE04EC0-301F-11D3-BF4B-00C04F79EFBC}") = "ReplaceSpaces", "ReplaceSpaces\ReplaceSpaces.csproj", "{A3ABB0C6-EC46-4A71-B279-FECB5C593C26}"
EndProject
Project("{FAE04EC0-301F-11D3-BF4B-00C04F79EFBC}") = "TwoNumberSum", "TwoNumberSum\TwoNumberSum.csproj", "{CBD62C10-14D4-4FBF-91FA-801255B3FEA5}"
EndProject
Project("{FAE04EC0-301F-11D3-BF4B-00C04F79EFBC}") = "ValidateSubSequence", "ValidateSubSequence\ValidateSubSequence.csproj", "{02C5E8CF-9520-466F-B551-AC5AE926F95E}"
EndProject
Project("{FAE04EC0-301F-11D3-BF4B-00C04F79EFBC}") = "FindTripletSum", "FindTripletSum\FindTripletSum.csproj", "{EBE890A1-2D8F-4FB8-A4D1-AAB417B58646}"
EndProject
Project("{FAE04EC0-301F-11D3-BF4B-00C04F79EFBC}") = "SmallestDifference_1", "SmallestDifference_1\SmallestDifference_1.csproj", "{EAE11746-C618-4C07-84A8-DA43A2DE0F85}"
EndProject
Project("{2150E333-8FDC-42A3-9474-1A3956D46DE8}") = "CrackingTheCodeInterview", "CrackingTheCodeInterview", "{30AC5F48-8331-46EE-8A7C-253873E0CC69}"
EndProject
Project("{2150E333-8FDC-42A3-9474-1A3956D46DE8}") = "ArrayAndString", "ArrayAndString", "{678D5046-5F69-4184-8334-B8545FB53FE1}"
EndProject
Project("{FAE04EC0-301F-11D3-BF4B-00C04F79EFBC}") = "ExistPalindromePermutaion", "ExistPalindromePermutaion\ExistPalindromePermutaion.csproj", "{F1E2420F-ECCD-4E7B-92B7-431188729141}"
EndProject
Project("{FAE04EC0-301F-11D3-BF4B-00C04F79EFBC}") = "SubArraySort", "SubArraySort\SubArraySort.csproj", "{67BABF90-BEEA-4FFA-9557-2A5293E2BA62}"
EndProject
Project("{2150E333-8FDC-42A3-9474-1A3956D46DE8}") = "String", "String", "{FA7B74DC-7BEC-4AEB-81B3-2B49CB24639A}"
EndProject
Project("{FAE04EC0-301F-11D3-BF4B-00C04F79EFBC}") = "IsPalindrome_algoexpert", "IsPalindrome_algoexpert\IsPalindrome_algoexpert.csproj", "{67BF5FD3-1C35-4A50-9298-DF4FF05C71B0}"
EndProject
Project("{FAE04EC0-301F-11D3-BF4B-00C04F79EFBC}") = "CaesarCypherEncryptor", "CaesarCypherEncryptor\CaesarCypherEncryptor.csproj", "{135D8653-4012-4A27-A026-BDB59E6F6A6A}"
EndProject
Project("{FAE04EC0-301F-11D3-BF4B-00C04F79EFBC}") = "LongestPalindromicSubString", "LongestPalindromicSubString\LongestPalindromicSubString.csproj", "{CCD466D4-505F-47A7-8BE2-46D8E91C4C21}"
EndProject
Project("{FAE04EC0-301F-11D3-BF4B-00C04F79EFBC}") = "IdentifyAndGroupAnagrams", "IdentifyAndGroupAnagrams\IdentifyAndGroupAnagrams.csproj", "{878D0D07-E143-4A38-A7C8-8A2F1DBA0101}"
EndProject
Project("{FAE04EC0-301F-11D3-BF4B-00C04F79EFBC}") = "MaxLengthNonDuplicateSubString", "MaxLengthNonDuplicateSubString\MaxLengthNonDuplicateSubString.csproj", "{351FEF11-1B3C-4F60-ADD1-A4430860A753}"
EndProject
Project("{FAE04EC0-301F-11D3-BF4B-00C04F79EFBC}") = "MinLengthSubArraySum_1", "MinLengthSubArraySum_1\MinLengthSubArraySum_1.csproj", "{E1FD2ABE-7178-4FDF-96BA-EAFA8A55C11C}"
EndProject
Project("{FAE04EC0-301F-11D3-BF4B-00C04F79EFBC}") = "underscorify", "underscorify\underscorify.csproj", "{AD1182CD-B57A-4DAF-8A9F-531756C1CEC9}"
EndProject
Project("{FAE04EC0-301F-11D3-BF4B-00C04F79EFBC}") = "Subsets_new", "Subsets_new\Subsets_new.csproj", "{A39E562D-A832-4F51-BEB5-E43EBB39A321}"
EndProject
Project("{FAE04EC0-301F-11D3-BF4B-00C04F79EFBC}") = "SmallestSubstring", "SmallestSubstring\SmallestSubstring.csproj", "{4A872E97-31CA-4EB4-A3C6-786EF5029D05}"
EndProject
Project("{FAE04EC0-301F-11D3-BF4B-00C04F79EFBC}") = "PatternMatch", "PatternMatch\PatternMatch.csproj", "{B0BBFD3F-1B00-42D9-8F9E-41ADD75EE0FC}"
EndProject
Project("{FAE04EC0-301F-11D3-BF4B-00C04F79EFBC}") = "WordCocatenation", "WordCocatenation\WordCocatenation.csproj", "{53013325-2E27-474C-8DC7-E19AAB8F9CED}"
EndProject
Global
	GlobalSection(SolutionConfigurationPlatforms) = preSolution
		Debug|Any CPU = Debug|Any CPU
		Release|Any CPU = Release|Any CPU
	EndGlobalSection
	GlobalSection(ProjectConfigurationPlatforms) = postSolution
		{8F8808C4-974C-4868-97E6-A4A8922C0FB6}.Debug|Any CPU.ActiveCfg = Debug|Any CPU
		{8F8808C4-974C-4868-97E6-A4A8922C0FB6}.Debug|Any CPU.Build.0 = Debug|Any CPU
		{8F8808C4-974C-4868-97E6-A4A8922C0FB6}.Release|Any CPU.ActiveCfg = Release|Any CPU
		{8F8808C4-974C-4868-97E6-A4A8922C0FB6}.Release|Any CPU.Build.0 = Release|Any CPU
		{E3BD6223-B8CB-44DC-A8F8-A7C3C8D26E9F}.Debug|Any CPU.ActiveCfg = Debug|Any CPU
		{E3BD6223-B8CB-44DC-A8F8-A7C3C8D26E9F}.Debug|Any CPU.Build.0 = Debug|Any CPU
		{E3BD6223-B8CB-44DC-A8F8-A7C3C8D26E9F}.Release|Any CPU.ActiveCfg = Release|Any CPU
		{E3BD6223-B8CB-44DC-A8F8-A7C3C8D26E9F}.Release|Any CPU.Build.0 = Release|Any CPU
		{721B162D-8FCB-4E88-9852-B62FAC1D55A6}.Debug|Any CPU.ActiveCfg = Debug|Any CPU
		{721B162D-8FCB-4E88-9852-B62FAC1D55A6}.Debug|Any CPU.Build.0 = Debug|Any CPU
		{721B162D-8FCB-4E88-9852-B62FAC1D55A6}.Release|Any CPU.ActiveCfg = Release|Any CPU
		{721B162D-8FCB-4E88-9852-B62FAC1D55A6}.Release|Any CPU.Build.0 = Release|Any CPU
		{BC821774-102D-485C-93F1-CB23EEDE6F38}.Debug|Any CPU.ActiveCfg = Debug|Any CPU
		{BC821774-102D-485C-93F1-CB23EEDE6F38}.Debug|Any CPU.Build.0 = Debug|Any CPU
		{BC821774-102D-485C-93F1-CB23EEDE6F38}.Release|Any CPU.ActiveCfg = Release|Any CPU
		{BC821774-102D-485C-93F1-CB23EEDE6F38}.Release|Any CPU.Build.0 = Release|Any CPU
		{BCDBC77E-16AE-4139-9C68-639CEE37E70E}.Debug|Any CPU.ActiveCfg = Debug|Any CPU
		{BCDBC77E-16AE-4139-9C68-639CEE37E70E}.Debug|Any CPU.Build.0 = Debug|Any CPU
		{BCDBC77E-16AE-4139-9C68-639CEE37E70E}.Release|Any CPU.ActiveCfg = Release|Any CPU
		{BCDBC77E-16AE-4139-9C68-639CEE37E70E}.Release|Any CPU.Build.0 = Release|Any CPU
		{583FC26A-9742-4C1F-B7AC-C42DE7CCDA0D}.Debug|Any CPU.ActiveCfg = Debug|Any CPU
		{583FC26A-9742-4C1F-B7AC-C42DE7CCDA0D}.Debug|Any CPU.Build.0 = Debug|Any CPU
		{583FC26A-9742-4C1F-B7AC-C42DE7CCDA0D}.Release|Any CPU.ActiveCfg = Release|Any CPU
		{583FC26A-9742-4C1F-B7AC-C42DE7CCDA0D}.Release|Any CPU.Build.0 = Release|Any CPU
		{8FEBD65B-F155-4945-A5E1-572DAF5A4E46}.Debug|Any CPU.ActiveCfg = Debug|Any CPU
		{8FEBD65B-F155-4945-A5E1-572DAF5A4E46}.Debug|Any CPU.Build.0 = Debug|Any CPU
		{8FEBD65B-F155-4945-A5E1-572DAF5A4E46}.Release|Any CPU.ActiveCfg = Release|Any CPU
		{8FEBD65B-F155-4945-A5E1-572DAF5A4E46}.Release|Any CPU.Build.0 = Release|Any CPU
		{ED6D7DC0-DA30-417E-8F66-F29BA6A63DE2}.Debug|Any CPU.ActiveCfg = Debug|Any CPU
		{ED6D7DC0-DA30-417E-8F66-F29BA6A63DE2}.Debug|Any CPU.Build.0 = Debug|Any CPU
		{ED6D7DC0-DA30-417E-8F66-F29BA6A63DE2}.Release|Any CPU.ActiveCfg = Release|Any CPU
		{ED6D7DC0-DA30-417E-8F66-F29BA6A63DE2}.Release|Any CPU.Build.0 = Release|Any CPU
		{A46D9269-2E2B-4C96-BD36-82485A8CD938}.Debug|Any CPU.ActiveCfg = Debug|Any CPU
		{A46D9269-2E2B-4C96-BD36-82485A8CD938}.Debug|Any CPU.Build.0 = Debug|Any CPU
		{A46D9269-2E2B-4C96-BD36-82485A8CD938}.Release|Any CPU.ActiveCfg = Release|Any CPU
		{A46D9269-2E2B-4C96-BD36-82485A8CD938}.Release|Any CPU.Build.0 = Release|Any CPU
		{7C975B50-243E-4E3D-86A6-F523C97A38D2}.Debug|Any CPU.ActiveCfg = Debug|Any CPU
		{7C975B50-243E-4E3D-86A6-F523C97A38D2}.Debug|Any CPU.Build.0 = Debug|Any CPU
		{7C975B50-243E-4E3D-86A6-F523C97A38D2}.Release|Any CPU.ActiveCfg = Release|Any CPU
		{7C975B50-243E-4E3D-86A6-F523C97A38D2}.Release|Any CPU.Build.0 = Release|Any CPU
		{5456417A-158B-4318-B53B-2786FA56B168}.Debug|Any CPU.ActiveCfg = Debug|Any CPU
		{5456417A-158B-4318-B53B-2786FA56B168}.Debug|Any CPU.Build.0 = Debug|Any CPU
		{5456417A-158B-4318-B53B-2786FA56B168}.Release|Any CPU.ActiveCfg = Release|Any CPU
		{5456417A-158B-4318-B53B-2786FA56B168}.Release|Any CPU.Build.0 = Release|Any CPU
		{0824FE6C-9326-4910-BA73-E05FE8984672}.Debug|Any CPU.ActiveCfg = Debug|Any CPU
		{0824FE6C-9326-4910-BA73-E05FE8984672}.Debug|Any CPU.Build.0 = Debug|Any CPU
		{0824FE6C-9326-4910-BA73-E05FE8984672}.Release|Any CPU.ActiveCfg = Release|Any CPU
		{0824FE6C-9326-4910-BA73-E05FE8984672}.Release|Any CPU.Build.0 = Release|Any CPU
		{FD760E60-1702-4F17-8C86-7392645EBCC2}.Debug|Any CPU.ActiveCfg = Debug|Any CPU
		{FD760E60-1702-4F17-8C86-7392645EBCC2}.Debug|Any CPU.Build.0 = Debug|Any CPU
		{FD760E60-1702-4F17-8C86-7392645EBCC2}.Release|Any CPU.ActiveCfg = Release|Any CPU
		{FD760E60-1702-4F17-8C86-7392645EBCC2}.Release|Any CPU.Build.0 = Release|Any CPU
		{AC7D3134-46ED-426D-B117-FD8BCA81FE49}.Debug|Any CPU.ActiveCfg = Debug|Any CPU
		{AC7D3134-46ED-426D-B117-FD8BCA81FE49}.Debug|Any CPU.Build.0 = Debug|Any CPU
		{AC7D3134-46ED-426D-B117-FD8BCA81FE49}.Release|Any CPU.ActiveCfg = Release|Any CPU
		{AC7D3134-46ED-426D-B117-FD8BCA81FE49}.Release|Any CPU.Build.0 = Release|Any CPU
		{99E50316-FF6E-4C77-A7A2-51B87E0A3753}.Debug|Any CPU.ActiveCfg = Debug|Any CPU
		{99E50316-FF6E-4C77-A7A2-51B87E0A3753}.Debug|Any CPU.Build.0 = Debug|Any CPU
		{99E50316-FF6E-4C77-A7A2-51B87E0A3753}.Release|Any CPU.ActiveCfg = Release|Any CPU
		{99E50316-FF6E-4C77-A7A2-51B87E0A3753}.Release|Any CPU.Build.0 = Release|Any CPU
		{B313DF02-8E79-4C2A-874E-5033CE7133D7}.Debug|Any CPU.ActiveCfg = Debug|Any CPU
		{B313DF02-8E79-4C2A-874E-5033CE7133D7}.Debug|Any CPU.Build.0 = Debug|Any CPU
		{B313DF02-8E79-4C2A-874E-5033CE7133D7}.Release|Any CPU.ActiveCfg = Release|Any CPU
		{B313DF02-8E79-4C2A-874E-5033CE7133D7}.Release|Any CPU.Build.0 = Release|Any CPU
		{161D2FA2-67AC-4542-8387-26F7AEF4957A}.Debug|Any CPU.ActiveCfg = Debug|Any CPU
		{161D2FA2-67AC-4542-8387-26F7AEF4957A}.Debug|Any CPU.Build.0 = Debug|Any CPU
		{161D2FA2-67AC-4542-8387-26F7AEF4957A}.Release|Any CPU.ActiveCfg = Release|Any CPU
		{161D2FA2-67AC-4542-8387-26F7AEF4957A}.Release|Any CPU.Build.0 = Release|Any CPU
		{9006FA0D-BCFF-46C4-A54C-F269E4BB45BF}.Debug|Any CPU.ActiveCfg = Debug|Any CPU
		{9006FA0D-BCFF-46C4-A54C-F269E4BB45BF}.Debug|Any CPU.Build.0 = Debug|Any CPU
		{9006FA0D-BCFF-46C4-A54C-F269E4BB45BF}.Release|Any CPU.ActiveCfg = Release|Any CPU
		{9006FA0D-BCFF-46C4-A54C-F269E4BB45BF}.Release|Any CPU.Build.0 = Release|Any CPU
		{575B7F12-1EBD-4B9D-8B5C-A47D5AB9BC2A}.Debug|Any CPU.ActiveCfg = Debug|Any CPU
		{575B7F12-1EBD-4B9D-8B5C-A47D5AB9BC2A}.Debug|Any CPU.Build.0 = Debug|Any CPU
		{575B7F12-1EBD-4B9D-8B5C-A47D5AB9BC2A}.Release|Any CPU.ActiveCfg = Release|Any CPU
		{575B7F12-1EBD-4B9D-8B5C-A47D5AB9BC2A}.Release|Any CPU.Build.0 = Release|Any CPU
		{72394519-83A1-4F76-960D-C5E8B1435264}.Debug|Any CPU.ActiveCfg = Debug|Any CPU
		{72394519-83A1-4F76-960D-C5E8B1435264}.Debug|Any CPU.Build.0 = Debug|Any CPU
		{72394519-83A1-4F76-960D-C5E8B1435264}.Release|Any CPU.ActiveCfg = Release|Any CPU
		{72394519-83A1-4F76-960D-C5E8B1435264}.Release|Any CPU.Build.0 = Release|Any CPU
		{6A7E903C-33B5-4665-BC2B-C295D8B4237F}.Debug|Any CPU.ActiveCfg = Debug|Any CPU
		{6A7E903C-33B5-4665-BC2B-C295D8B4237F}.Debug|Any CPU.Build.0 = Debug|Any CPU
		{6A7E903C-33B5-4665-BC2B-C295D8B4237F}.Release|Any CPU.ActiveCfg = Release|Any CPU
		{6A7E903C-33B5-4665-BC2B-C295D8B4237F}.Release|Any CPU.Build.0 = Release|Any CPU
		{BAD270A9-B9BD-4C4D-92D9-D846ED78CA26}.Debug|Any CPU.ActiveCfg = Debug|Any CPU
		{BAD270A9-B9BD-4C4D-92D9-D846ED78CA26}.Debug|Any CPU.Build.0 = Debug|Any CPU
		{BAD270A9-B9BD-4C4D-92D9-D846ED78CA26}.Release|Any CPU.ActiveCfg = Release|Any CPU
		{BAD270A9-B9BD-4C4D-92D9-D846ED78CA26}.Release|Any CPU.Build.0 = Release|Any CPU
		{355A8DE2-6E81-48DA-AA05-7F649C65D9BF}.Debug|Any CPU.ActiveCfg = Debug|Any CPU
		{355A8DE2-6E81-48DA-AA05-7F649C65D9BF}.Debug|Any CPU.Build.0 = Debug|Any CPU
		{355A8DE2-6E81-48DA-AA05-7F649C65D9BF}.Release|Any CPU.ActiveCfg = Release|Any CPU
		{355A8DE2-6E81-48DA-AA05-7F649C65D9BF}.Release|Any CPU.Build.0 = Release|Any CPU
		{5D62F72D-DF76-4B6C-992C-69BC7AFBF549}.Debug|Any CPU.ActiveCfg = Debug|Any CPU
		{5D62F72D-DF76-4B6C-992C-69BC7AFBF549}.Debug|Any CPU.Build.0 = Debug|Any CPU
		{5D62F72D-DF76-4B6C-992C-69BC7AFBF549}.Release|Any CPU.ActiveCfg = Release|Any CPU
		{5D62F72D-DF76-4B6C-992C-69BC7AFBF549}.Release|Any CPU.Build.0 = Release|Any CPU
		{E08ABD76-44FF-40DA-9182-B11E2F1EA71F}.Debug|Any CPU.ActiveCfg = Debug|Any CPU
		{E08ABD76-44FF-40DA-9182-B11E2F1EA71F}.Debug|Any CPU.Build.0 = Debug|Any CPU
		{E08ABD76-44FF-40DA-9182-B11E2F1EA71F}.Release|Any CPU.ActiveCfg = Release|Any CPU
		{E08ABD76-44FF-40DA-9182-B11E2F1EA71F}.Release|Any CPU.Build.0 = Release|Any CPU
		{41A8AA9C-9E3C-4856-8A0D-833BF3F67051}.Debug|Any CPU.ActiveCfg = Debug|Any CPU
		{41A8AA9C-9E3C-4856-8A0D-833BF3F67051}.Debug|Any CPU.Build.0 = Debug|Any CPU
		{41A8AA9C-9E3C-4856-8A0D-833BF3F67051}.Release|Any CPU.ActiveCfg = Release|Any CPU
		{41A8AA9C-9E3C-4856-8A0D-833BF3F67051}.Release|Any CPU.Build.0 = Release|Any CPU
		{807D1A05-CA93-46D8-B398-F5D727D0AB76}.Debug|Any CPU.ActiveCfg = Debug|Any CPU
		{807D1A05-CA93-46D8-B398-F5D727D0AB76}.Debug|Any CPU.Build.0 = Debug|Any CPU
		{807D1A05-CA93-46D8-B398-F5D727D0AB76}.Release|Any CPU.ActiveCfg = Release|Any CPU
		{807D1A05-CA93-46D8-B398-F5D727D0AB76}.Release|Any CPU.Build.0 = Release|Any CPU
		{1669DF23-502F-4598-A510-B46034A42D9C}.Debug|Any CPU.ActiveCfg = Debug|Any CPU
		{1669DF23-502F-4598-A510-B46034A42D9C}.Debug|Any CPU.Build.0 = Debug|Any CPU
		{1669DF23-502F-4598-A510-B46034A42D9C}.Release|Any CPU.ActiveCfg = Release|Any CPU
		{1669DF23-502F-4598-A510-B46034A42D9C}.Release|Any CPU.Build.0 = Release|Any CPU
		{978011E0-61E2-4851-B4FE-B8C18E2CBC79}.Debug|Any CPU.ActiveCfg = Debug|Any CPU
		{978011E0-61E2-4851-B4FE-B8C18E2CBC79}.Debug|Any CPU.Build.0 = Debug|Any CPU
		{978011E0-61E2-4851-B4FE-B8C18E2CBC79}.Release|Any CPU.ActiveCfg = Release|Any CPU
		{978011E0-61E2-4851-B4FE-B8C18E2CBC79}.Release|Any CPU.Build.0 = Release|Any CPU
		{FDDDD02F-3EFF-4126-B167-7F129B71DB67}.Debug|Any CPU.ActiveCfg = Debug|Any CPU
		{FDDDD02F-3EFF-4126-B167-7F129B71DB67}.Debug|Any CPU.Build.0 = Debug|Any CPU
		{FDDDD02F-3EFF-4126-B167-7F129B71DB67}.Release|Any CPU.ActiveCfg = Release|Any CPU
		{FDDDD02F-3EFF-4126-B167-7F129B71DB67}.Release|Any CPU.Build.0 = Release|Any CPU
		{BC9081DA-FBC7-4BC7-8B4C-4CC8226A2B93}.Debug|Any CPU.ActiveCfg = Debug|Any CPU
		{BC9081DA-FBC7-4BC7-8B4C-4CC8226A2B93}.Debug|Any CPU.Build.0 = Debug|Any CPU
		{BC9081DA-FBC7-4BC7-8B4C-4CC8226A2B93}.Release|Any CPU.ActiveCfg = Release|Any CPU
		{BC9081DA-FBC7-4BC7-8B4C-4CC8226A2B93}.Release|Any CPU.Build.0 = Release|Any CPU
		{953A75B7-3200-43FD-B896-1C09BAF4D890}.Debug|Any CPU.ActiveCfg = Debug|Any CPU
		{953A75B7-3200-43FD-B896-1C09BAF4D890}.Debug|Any CPU.Build.0 = Debug|Any CPU
		{953A75B7-3200-43FD-B896-1C09BAF4D890}.Release|Any CPU.ActiveCfg = Release|Any CPU
		{953A75B7-3200-43FD-B896-1C09BAF4D890}.Release|Any CPU.Build.0 = Release|Any CPU
		{EBD3B2A5-D900-485D-BADC-188C46911502}.Debug|Any CPU.ActiveCfg = Debug|Any CPU
		{EBD3B2A5-D900-485D-BADC-188C46911502}.Debug|Any CPU.Build.0 = Debug|Any CPU
		{EBD3B2A5-D900-485D-BADC-188C46911502}.Release|Any CPU.ActiveCfg = Release|Any CPU
		{EBD3B2A5-D900-485D-BADC-188C46911502}.Release|Any CPU.Build.0 = Release|Any CPU
		{79385C29-8CF1-459B-936D-C5F28AA0FC34}.Debug|Any CPU.ActiveCfg = Debug|Any CPU
		{79385C29-8CF1-459B-936D-C5F28AA0FC34}.Debug|Any CPU.Build.0 = Debug|Any CPU
		{79385C29-8CF1-459B-936D-C5F28AA0FC34}.Release|Any CPU.ActiveCfg = Release|Any CPU
		{79385C29-8CF1-459B-936D-C5F28AA0FC34}.Release|Any CPU.Build.0 = Release|Any CPU
		{FBF662E5-98AD-456E-A281-54D1991D5286}.Debug|Any CPU.ActiveCfg = Debug|Any CPU
		{FBF662E5-98AD-456E-A281-54D1991D5286}.Debug|Any CPU.Build.0 = Debug|Any CPU
		{FBF662E5-98AD-456E-A281-54D1991D5286}.Release|Any CPU.ActiveCfg = Release|Any CPU
		{FBF662E5-98AD-456E-A281-54D1991D5286}.Release|Any CPU.Build.0 = Release|Any CPU
		{2721CB64-33EB-404B-BCED-23B3242F5F67}.Debug|Any CPU.ActiveCfg = Debug|Any CPU
		{2721CB64-33EB-404B-BCED-23B3242F5F67}.Debug|Any CPU.Build.0 = Debug|Any CPU
		{2721CB64-33EB-404B-BCED-23B3242F5F67}.Release|Any CPU.ActiveCfg = Release|Any CPU
		{2721CB64-33EB-404B-BCED-23B3242F5F67}.Release|Any CPU.Build.0 = Release|Any CPU
		{AB4B2DC5-37BC-4E48-8F49-4F5B762BD2C8}.Debug|Any CPU.ActiveCfg = Debug|Any CPU
		{AB4B2DC5-37BC-4E48-8F49-4F5B762BD2C8}.Debug|Any CPU.Build.0 = Debug|Any CPU
		{AB4B2DC5-37BC-4E48-8F49-4F5B762BD2C8}.Release|Any CPU.ActiveCfg = Release|Any CPU
		{AB4B2DC5-37BC-4E48-8F49-4F5B762BD2C8}.Release|Any CPU.Build.0 = Release|Any CPU
		{32A3DA4C-5D8D-483A-AB71-655E8AEBEED8}.Debug|Any CPU.ActiveCfg = Debug|Any CPU
		{32A3DA4C-5D8D-483A-AB71-655E8AEBEED8}.Debug|Any CPU.Build.0 = Debug|Any CPU
		{32A3DA4C-5D8D-483A-AB71-655E8AEBEED8}.Release|Any CPU.ActiveCfg = Release|Any CPU
		{32A3DA4C-5D8D-483A-AB71-655E8AEBEED8}.Release|Any CPU.Build.0 = Release|Any CPU
		{8CE7EDE3-EF1F-4CB2-8D57-A80A80E755AB}.Debug|Any CPU.ActiveCfg = Debug|Any CPU
		{8CE7EDE3-EF1F-4CB2-8D57-A80A80E755AB}.Debug|Any CPU.Build.0 = Debug|Any CPU
		{8CE7EDE3-EF1F-4CB2-8D57-A80A80E755AB}.Release|Any CPU.ActiveCfg = Release|Any CPU
		{8CE7EDE3-EF1F-4CB2-8D57-A80A80E755AB}.Release|Any CPU.Build.0 = Release|Any CPU
		{DEE74EEF-E0D7-484C-A09F-2FD16FEB869B}.Debug|Any CPU.ActiveCfg = Debug|Any CPU
		{DEE74EEF-E0D7-484C-A09F-2FD16FEB869B}.Debug|Any CPU.Build.0 = Debug|Any CPU
		{DEE74EEF-E0D7-484C-A09F-2FD16FEB869B}.Release|Any CPU.ActiveCfg = Release|Any CPU
		{DEE74EEF-E0D7-484C-A09F-2FD16FEB869B}.Release|Any CPU.Build.0 = Release|Any CPU
		{B39B5A1B-B912-4A90-8747-AA99B7F2EEA3}.Debug|Any CPU.ActiveCfg = Debug|Any CPU
		{B39B5A1B-B912-4A90-8747-AA99B7F2EEA3}.Debug|Any CPU.Build.0 = Debug|Any CPU
		{B39B5A1B-B912-4A90-8747-AA99B7F2EEA3}.Release|Any CPU.ActiveCfg = Release|Any CPU
		{B39B5A1B-B912-4A90-8747-AA99B7F2EEA3}.Release|Any CPU.Build.0 = Release|Any CPU
		{D59E44E9-5828-480A-A3F9-F12A63B983BF}.Debug|Any CPU.ActiveCfg = Debug|Any CPU
		{D59E44E9-5828-480A-A3F9-F12A63B983BF}.Debug|Any CPU.Build.0 = Debug|Any CPU
		{D59E44E9-5828-480A-A3F9-F12A63B983BF}.Release|Any CPU.ActiveCfg = Release|Any CPU
		{D59E44E9-5828-480A-A3F9-F12A63B983BF}.Release|Any CPU.Build.0 = Release|Any CPU
		{0BEA2DA4-AA46-4E20-9867-5F9A6E78AA32}.Debug|Any CPU.ActiveCfg = Debug|Any CPU
		{0BEA2DA4-AA46-4E20-9867-5F9A6E78AA32}.Debug|Any CPU.Build.0 = Debug|Any CPU
		{0BEA2DA4-AA46-4E20-9867-5F9A6E78AA32}.Release|Any CPU.ActiveCfg = Release|Any CPU
		{0BEA2DA4-AA46-4E20-9867-5F9A6E78AA32}.Release|Any CPU.Build.0 = Release|Any CPU
		{0BCEBC76-9299-44A5-B857-8D3BF5C88C7B}.Debug|Any CPU.ActiveCfg = Debug|Any CPU
		{0BCEBC76-9299-44A5-B857-8D3BF5C88C7B}.Debug|Any CPU.Build.0 = Debug|Any CPU
		{0BCEBC76-9299-44A5-B857-8D3BF5C88C7B}.Release|Any CPU.ActiveCfg = Release|Any CPU
		{0BCEBC76-9299-44A5-B857-8D3BF5C88C7B}.Release|Any CPU.Build.0 = Release|Any CPU
		{9989220A-BC09-47E6-99B4-1986DE3774CE}.Debug|Any CPU.ActiveCfg = Debug|Any CPU
		{9989220A-BC09-47E6-99B4-1986DE3774CE}.Debug|Any CPU.Build.0 = Debug|Any CPU
		{9989220A-BC09-47E6-99B4-1986DE3774CE}.Release|Any CPU.ActiveCfg = Release|Any CPU
		{9989220A-BC09-47E6-99B4-1986DE3774CE}.Release|Any CPU.Build.0 = Release|Any CPU
		{520D14EE-6A43-463E-8D29-A6CF0A64A984}.Debug|Any CPU.ActiveCfg = Debug|Any CPU
		{520D14EE-6A43-463E-8D29-A6CF0A64A984}.Debug|Any CPU.Build.0 = Debug|Any CPU
		{520D14EE-6A43-463E-8D29-A6CF0A64A984}.Release|Any CPU.ActiveCfg = Release|Any CPU
		{520D14EE-6A43-463E-8D29-A6CF0A64A984}.Release|Any CPU.Build.0 = Release|Any CPU
		{A8E01BA8-9F3F-4F89-AA7E-3BB554538FE4}.Debug|Any CPU.ActiveCfg = Debug|Any CPU
		{A8E01BA8-9F3F-4F89-AA7E-3BB554538FE4}.Debug|Any CPU.Build.0 = Debug|Any CPU
		{A8E01BA8-9F3F-4F89-AA7E-3BB554538FE4}.Release|Any CPU.ActiveCfg = Release|Any CPU
		{A8E01BA8-9F3F-4F89-AA7E-3BB554538FE4}.Release|Any CPU.Build.0 = Release|Any CPU
		{BC25A85E-4EE6-42FD-B87B-63F12A82969A}.Debug|Any CPU.ActiveCfg = Debug|Any CPU
		{BC25A85E-4EE6-42FD-B87B-63F12A82969A}.Debug|Any CPU.Build.0 = Debug|Any CPU
		{BC25A85E-4EE6-42FD-B87B-63F12A82969A}.Release|Any CPU.ActiveCfg = Release|Any CPU
		{BC25A85E-4EE6-42FD-B87B-63F12A82969A}.Release|Any CPU.Build.0 = Release|Any CPU
		{DBCED636-32BB-4E7D-BAFA-99F2324CBD0C}.Debug|Any CPU.ActiveCfg = Debug|Any CPU
		{DBCED636-32BB-4E7D-BAFA-99F2324CBD0C}.Debug|Any CPU.Build.0 = Debug|Any CPU
		{DBCED636-32BB-4E7D-BAFA-99F2324CBD0C}.Release|Any CPU.ActiveCfg = Release|Any CPU
		{DBCED636-32BB-4E7D-BAFA-99F2324CBD0C}.Release|Any CPU.Build.0 = Release|Any CPU
		{BB2675AE-A743-49D9-A44C-CEA76C3AED7D}.Debug|Any CPU.ActiveCfg = Debug|Any CPU
		{BB2675AE-A743-49D9-A44C-CEA76C3AED7D}.Debug|Any CPU.Build.0 = Debug|Any CPU
		{BB2675AE-A743-49D9-A44C-CEA76C3AED7D}.Release|Any CPU.ActiveCfg = Release|Any CPU
		{BB2675AE-A743-49D9-A44C-CEA76C3AED7D}.Release|Any CPU.Build.0 = Release|Any CPU
		{187B0F63-3AAD-4D93-8F9D-D29AE39775FE}.Debug|Any CPU.ActiveCfg = Debug|Any CPU
		{187B0F63-3AAD-4D93-8F9D-D29AE39775FE}.Debug|Any CPU.Build.0 = Debug|Any CPU
		{187B0F63-3AAD-4D93-8F9D-D29AE39775FE}.Release|Any CPU.ActiveCfg = Release|Any CPU
		{187B0F63-3AAD-4D93-8F9D-D29AE39775FE}.Release|Any CPU.Build.0 = Release|Any CPU
		{358B7DE5-A33B-4BC6-9BE6-67F9CA308DF9}.Debug|Any CPU.ActiveCfg = Debug|Any CPU
		{358B7DE5-A33B-4BC6-9BE6-67F9CA308DF9}.Debug|Any CPU.Build.0 = Debug|Any CPU
		{358B7DE5-A33B-4BC6-9BE6-67F9CA308DF9}.Release|Any CPU.ActiveCfg = Release|Any CPU
		{358B7DE5-A33B-4BC6-9BE6-67F9CA308DF9}.Release|Any CPU.Build.0 = Release|Any CPU
		{18BD486F-3D60-4EE5-AAC4-81F6F875B554}.Debug|Any CPU.ActiveCfg = Debug|Any CPU
		{18BD486F-3D60-4EE5-AAC4-81F6F875B554}.Debug|Any CPU.Build.0 = Debug|Any CPU
		{18BD486F-3D60-4EE5-AAC4-81F6F875B554}.Release|Any CPU.ActiveCfg = Release|Any CPU
		{18BD486F-3D60-4EE5-AAC4-81F6F875B554}.Release|Any CPU.Build.0 = Release|Any CPU
		{05C11718-BBD9-4EDB-9213-81F2B5BF9EA3}.Debug|Any CPU.ActiveCfg = Debug|Any CPU
		{05C11718-BBD9-4EDB-9213-81F2B5BF9EA3}.Debug|Any CPU.Build.0 = Debug|Any CPU
		{05C11718-BBD9-4EDB-9213-81F2B5BF9EA3}.Release|Any CPU.ActiveCfg = Release|Any CPU
		{05C11718-BBD9-4EDB-9213-81F2B5BF9EA3}.Release|Any CPU.Build.0 = Release|Any CPU
		{62170E51-450B-4D9A-A5B6-503FFB501B84}.Debug|Any CPU.ActiveCfg = Debug|Any CPU
		{62170E51-450B-4D9A-A5B6-503FFB501B84}.Debug|Any CPU.Build.0 = Debug|Any CPU
		{62170E51-450B-4D9A-A5B6-503FFB501B84}.Release|Any CPU.ActiveCfg = Release|Any CPU
		{62170E51-450B-4D9A-A5B6-503FFB501B84}.Release|Any CPU.Build.0 = Release|Any CPU
		{E00AB188-08E3-4C82-AE49-23BCC73D53AE}.Debug|Any CPU.ActiveCfg = Debug|Any CPU
		{E00AB188-08E3-4C82-AE49-23BCC73D53AE}.Debug|Any CPU.Build.0 = Debug|Any CPU
		{E00AB188-08E3-4C82-AE49-23BCC73D53AE}.Release|Any CPU.ActiveCfg = Release|Any CPU
		{E00AB188-08E3-4C82-AE49-23BCC73D53AE}.Release|Any CPU.Build.0 = Release|Any CPU
		{87DA5EE4-EC50-43FE-A6CA-53EA0E467657}.Debug|Any CPU.ActiveCfg = Debug|Any CPU
		{87DA5EE4-EC50-43FE-A6CA-53EA0E467657}.Debug|Any CPU.Build.0 = Debug|Any CPU
		{87DA5EE4-EC50-43FE-A6CA-53EA0E467657}.Release|Any CPU.ActiveCfg = Release|Any CPU
		{87DA5EE4-EC50-43FE-A6CA-53EA0E467657}.Release|Any CPU.Build.0 = Release|Any CPU
		{D59947A3-0332-45C2-9511-C4A074156959}.Debug|Any CPU.ActiveCfg = Debug|Any CPU
		{D59947A3-0332-45C2-9511-C4A074156959}.Debug|Any CPU.Build.0 = Debug|Any CPU
		{D59947A3-0332-45C2-9511-C4A074156959}.Release|Any CPU.ActiveCfg = Release|Any CPU
		{D59947A3-0332-45C2-9511-C4A074156959}.Release|Any CPU.Build.0 = Release|Any CPU
		{30B9C650-E9BA-4FF5-83DA-15681C2157DA}.Debug|Any CPU.ActiveCfg = Debug|Any CPU
		{30B9C650-E9BA-4FF5-83DA-15681C2157DA}.Debug|Any CPU.Build.0 = Debug|Any CPU
		{30B9C650-E9BA-4FF5-83DA-15681C2157DA}.Release|Any CPU.ActiveCfg = Release|Any CPU
		{30B9C650-E9BA-4FF5-83DA-15681C2157DA}.Release|Any CPU.Build.0 = Release|Any CPU
		{0850537F-7DCA-46BC-B4D3-B335B83B84AA}.Debug|Any CPU.ActiveCfg = Debug|Any CPU
		{0850537F-7DCA-46BC-B4D3-B335B83B84AA}.Debug|Any CPU.Build.0 = Debug|Any CPU
		{0850537F-7DCA-46BC-B4D3-B335B83B84AA}.Release|Any CPU.ActiveCfg = Release|Any CPU
		{0850537F-7DCA-46BC-B4D3-B335B83B84AA}.Release|Any CPU.Build.0 = Release|Any CPU
		{2DE00FE1-A106-47C7-809D-8B0467269E9E}.Debug|Any CPU.ActiveCfg = Debug|Any CPU
		{2DE00FE1-A106-47C7-809D-8B0467269E9E}.Debug|Any CPU.Build.0 = Debug|Any CPU
		{2DE00FE1-A106-47C7-809D-8B0467269E9E}.Release|Any CPU.ActiveCfg = Release|Any CPU
		{2DE00FE1-A106-47C7-809D-8B0467269E9E}.Release|Any CPU.Build.0 = Release|Any CPU
		{C01F57DD-976B-493C-B84E-DD3479304786}.Debug|Any CPU.ActiveCfg = Debug|Any CPU
		{C01F57DD-976B-493C-B84E-DD3479304786}.Debug|Any CPU.Build.0 = Debug|Any CPU
		{C01F57DD-976B-493C-B84E-DD3479304786}.Release|Any CPU.ActiveCfg = Release|Any CPU
		{C01F57DD-976B-493C-B84E-DD3479304786}.Release|Any CPU.Build.0 = Release|Any CPU
		{33D2CC77-18EE-4C9E-A3E5-C5354BF947B6}.Debug|Any CPU.ActiveCfg = Debug|Any CPU
		{33D2CC77-18EE-4C9E-A3E5-C5354BF947B6}.Debug|Any CPU.Build.0 = Debug|Any CPU
		{33D2CC77-18EE-4C9E-A3E5-C5354BF947B6}.Release|Any CPU.ActiveCfg = Release|Any CPU
		{33D2CC77-18EE-4C9E-A3E5-C5354BF947B6}.Release|Any CPU.Build.0 = Release|Any CPU
		{2D11F9BF-EB10-4453-8B6D-D4A7DCB9629D}.Debug|Any CPU.ActiveCfg = Debug|Any CPU
		{2D11F9BF-EB10-4453-8B6D-D4A7DCB9629D}.Debug|Any CPU.Build.0 = Debug|Any CPU
		{2D11F9BF-EB10-4453-8B6D-D4A7DCB9629D}.Release|Any CPU.ActiveCfg = Release|Any CPU
		{2D11F9BF-EB10-4453-8B6D-D4A7DCB9629D}.Release|Any CPU.Build.0 = Release|Any CPU
		{9700350A-B54B-4CA0-B3CD-5EBED3BCB482}.Debug|Any CPU.ActiveCfg = Debug|Any CPU
		{9700350A-B54B-4CA0-B3CD-5EBED3BCB482}.Debug|Any CPU.Build.0 = Debug|Any CPU
		{9700350A-B54B-4CA0-B3CD-5EBED3BCB482}.Release|Any CPU.ActiveCfg = Release|Any CPU
		{9700350A-B54B-4CA0-B3CD-5EBED3BCB482}.Release|Any CPU.Build.0 = Release|Any CPU
		{3676780F-4E08-4147-B8EF-A89B9D0A8614}.Debug|Any CPU.ActiveCfg = Debug|Any CPU
		{3676780F-4E08-4147-B8EF-A89B9D0A8614}.Debug|Any CPU.Build.0 = Debug|Any CPU
		{3676780F-4E08-4147-B8EF-A89B9D0A8614}.Release|Any CPU.ActiveCfg = Release|Any CPU
		{3676780F-4E08-4147-B8EF-A89B9D0A8614}.Release|Any CPU.Build.0 = Release|Any CPU
		{7D954751-BD14-4235-AA96-873C51813FA8}.Debug|Any CPU.ActiveCfg = Debug|Any CPU
		{7D954751-BD14-4235-AA96-873C51813FA8}.Debug|Any CPU.Build.0 = Debug|Any CPU
		{7D954751-BD14-4235-AA96-873C51813FA8}.Release|Any CPU.ActiveCfg = Release|Any CPU
		{7D954751-BD14-4235-AA96-873C51813FA8}.Release|Any CPU.Build.0 = Release|Any CPU
		{27F98F0B-ECE2-4FAF-9E55-1E486C6F9969}.Debug|Any CPU.ActiveCfg = Debug|Any CPU
		{27F98F0B-ECE2-4FAF-9E55-1E486C6F9969}.Debug|Any CPU.Build.0 = Debug|Any CPU
		{27F98F0B-ECE2-4FAF-9E55-1E486C6F9969}.Release|Any CPU.ActiveCfg = Release|Any CPU
		{27F98F0B-ECE2-4FAF-9E55-1E486C6F9969}.Release|Any CPU.Build.0 = Release|Any CPU
		{90602E2F-57D9-4B3F-98C7-B2026231F56F}.Debug|Any CPU.ActiveCfg = Debug|Any CPU
		{90602E2F-57D9-4B3F-98C7-B2026231F56F}.Debug|Any CPU.Build.0 = Debug|Any CPU
		{90602E2F-57D9-4B3F-98C7-B2026231F56F}.Release|Any CPU.ActiveCfg = Release|Any CPU
		{90602E2F-57D9-4B3F-98C7-B2026231F56F}.Release|Any CPU.Build.0 = Release|Any CPU
		{60193647-3295-41C0-B919-172B422E78A3}.Debug|Any CPU.ActiveCfg = Debug|Any CPU
		{60193647-3295-41C0-B919-172B422E78A3}.Debug|Any CPU.Build.0 = Debug|Any CPU
		{60193647-3295-41C0-B919-172B422E78A3}.Release|Any CPU.ActiveCfg = Release|Any CPU
		{60193647-3295-41C0-B919-172B422E78A3}.Release|Any CPU.Build.0 = Release|Any CPU
		{AE177EB8-4A7F-4A51-BD71-3F3FCBD4807B}.Debug|Any CPU.ActiveCfg = Debug|Any CPU
		{AE177EB8-4A7F-4A51-BD71-3F3FCBD4807B}.Debug|Any CPU.Build.0 = Debug|Any CPU
		{AE177EB8-4A7F-4A51-BD71-3F3FCBD4807B}.Release|Any CPU.ActiveCfg = Release|Any CPU
		{AE177EB8-4A7F-4A51-BD71-3F3FCBD4807B}.Release|Any CPU.Build.0 = Release|Any CPU
		{21C90C98-2955-4B7B-82BE-519D312D15C9}.Debug|Any CPU.ActiveCfg = Debug|Any CPU
		{21C90C98-2955-4B7B-82BE-519D312D15C9}.Debug|Any CPU.Build.0 = Debug|Any CPU
		{21C90C98-2955-4B7B-82BE-519D312D15C9}.Release|Any CPU.ActiveCfg = Release|Any CPU
		{21C90C98-2955-4B7B-82BE-519D312D15C9}.Release|Any CPU.Build.0 = Release|Any CPU
		{52EB175D-7877-4584-B6B5-9B9369A89D97}.Debug|Any CPU.ActiveCfg = Debug|Any CPU
		{52EB175D-7877-4584-B6B5-9B9369A89D97}.Debug|Any CPU.Build.0 = Debug|Any CPU
		{52EB175D-7877-4584-B6B5-9B9369A89D97}.Release|Any CPU.ActiveCfg = Release|Any CPU
		{52EB175D-7877-4584-B6B5-9B9369A89D97}.Release|Any CPU.Build.0 = Release|Any CPU
		{C26669FC-E50E-4A3D-BD5E-0DF7010A5F1E}.Debug|Any CPU.ActiveCfg = Debug|Any CPU
		{C26669FC-E50E-4A3D-BD5E-0DF7010A5F1E}.Debug|Any CPU.Build.0 = Debug|Any CPU
		{C26669FC-E50E-4A3D-BD5E-0DF7010A5F1E}.Release|Any CPU.ActiveCfg = Release|Any CPU
		{C26669FC-E50E-4A3D-BD5E-0DF7010A5F1E}.Release|Any CPU.Build.0 = Release|Any CPU
		{29DEE430-BC7F-4E1C-9631-17278EA3C91B}.Debug|Any CPU.ActiveCfg = Debug|Any CPU
		{29DEE430-BC7F-4E1C-9631-17278EA3C91B}.Debug|Any CPU.Build.0 = Debug|Any CPU
		{29DEE430-BC7F-4E1C-9631-17278EA3C91B}.Release|Any CPU.ActiveCfg = Release|Any CPU
		{29DEE430-BC7F-4E1C-9631-17278EA3C91B}.Release|Any CPU.Build.0 = Release|Any CPU
		{D13D22EE-D5F9-439D-BF67-D0949DE55C1E}.Debug|Any CPU.ActiveCfg = Debug|Any CPU
		{D13D22EE-D5F9-439D-BF67-D0949DE55C1E}.Debug|Any CPU.Build.0 = Debug|Any CPU
		{D13D22EE-D5F9-439D-BF67-D0949DE55C1E}.Release|Any CPU.ActiveCfg = Release|Any CPU
		{D13D22EE-D5F9-439D-BF67-D0949DE55C1E}.Release|Any CPU.Build.0 = Release|Any CPU
		{79059E5A-30A5-4DD0-83A6-A6D43B7B7996}.Debug|Any CPU.ActiveCfg = Debug|Any CPU
		{79059E5A-30A5-4DD0-83A6-A6D43B7B7996}.Debug|Any CPU.Build.0 = Debug|Any CPU
		{79059E5A-30A5-4DD0-83A6-A6D43B7B7996}.Release|Any CPU.ActiveCfg = Release|Any CPU
		{79059E5A-30A5-4DD0-83A6-A6D43B7B7996}.Release|Any CPU.Build.0 = Release|Any CPU
		{F5C255B9-3013-4362-95EB-82F05C639B5E}.Debug|Any CPU.ActiveCfg = Debug|Any CPU
		{F5C255B9-3013-4362-95EB-82F05C639B5E}.Debug|Any CPU.Build.0 = Debug|Any CPU
		{F5C255B9-3013-4362-95EB-82F05C639B5E}.Release|Any CPU.ActiveCfg = Release|Any CPU
		{F5C255B9-3013-4362-95EB-82F05C639B5E}.Release|Any CPU.Build.0 = Release|Any CPU
		{E95D53EB-680B-401C-B703-3C33C9065053}.Debug|Any CPU.ActiveCfg = Debug|Any CPU
		{E95D53EB-680B-401C-B703-3C33C9065053}.Debug|Any CPU.Build.0 = Debug|Any CPU
		{E95D53EB-680B-401C-B703-3C33C9065053}.Release|Any CPU.ActiveCfg = Release|Any CPU
		{E95D53EB-680B-401C-B703-3C33C9065053}.Release|Any CPU.Build.0 = Release|Any CPU
		{58FDE96D-DAB7-4CD0-A4E1-BC9E914ADCF9}.Debug|Any CPU.ActiveCfg = Debug|Any CPU
		{58FDE96D-DAB7-4CD0-A4E1-BC9E914ADCF9}.Debug|Any CPU.Build.0 = Debug|Any CPU
		{58FDE96D-DAB7-4CD0-A4E1-BC9E914ADCF9}.Release|Any CPU.ActiveCfg = Release|Any CPU
		{58FDE96D-DAB7-4CD0-A4E1-BC9E914ADCF9}.Release|Any CPU.Build.0 = Release|Any CPU
		{07732E87-F924-4F7F-95A6-B43DB8D21EF3}.Debug|Any CPU.ActiveCfg = Debug|Any CPU
		{07732E87-F924-4F7F-95A6-B43DB8D21EF3}.Debug|Any CPU.Build.0 = Debug|Any CPU
		{07732E87-F924-4F7F-95A6-B43DB8D21EF3}.Release|Any CPU.ActiveCfg = Release|Any CPU
		{07732E87-F924-4F7F-95A6-B43DB8D21EF3}.Release|Any CPU.Build.0 = Release|Any CPU
		{D11D7187-9A71-43CC-BB76-5B74A8B31492}.Debug|Any CPU.ActiveCfg = Debug|Any CPU
		{D11D7187-9A71-43CC-BB76-5B74A8B31492}.Debug|Any CPU.Build.0 = Debug|Any CPU
		{D11D7187-9A71-43CC-BB76-5B74A8B31492}.Release|Any CPU.ActiveCfg = Release|Any CPU
		{D11D7187-9A71-43CC-BB76-5B74A8B31492}.Release|Any CPU.Build.0 = Release|Any CPU
		{48D5E726-E38E-49D1-B2BA-D8FA27C7144F}.Debug|Any CPU.ActiveCfg = Debug|Any CPU
		{48D5E726-E38E-49D1-B2BA-D8FA27C7144F}.Debug|Any CPU.Build.0 = Debug|Any CPU
		{48D5E726-E38E-49D1-B2BA-D8FA27C7144F}.Release|Any CPU.ActiveCfg = Release|Any CPU
		{48D5E726-E38E-49D1-B2BA-D8FA27C7144F}.Release|Any CPU.Build.0 = Release|Any CPU
		{568390C6-4AA5-4E52-AD6B-437AACE55A5E}.Debug|Any CPU.ActiveCfg = Debug|Any CPU
		{568390C6-4AA5-4E52-AD6B-437AACE55A5E}.Debug|Any CPU.Build.0 = Debug|Any CPU
		{568390C6-4AA5-4E52-AD6B-437AACE55A5E}.Release|Any CPU.ActiveCfg = Release|Any CPU
		{568390C6-4AA5-4E52-AD6B-437AACE55A5E}.Release|Any CPU.Build.0 = Release|Any CPU
		{F5224636-AC58-43E0-BA3F-58EFDF76A49D}.Debug|Any CPU.ActiveCfg = Debug|Any CPU
		{F5224636-AC58-43E0-BA3F-58EFDF76A49D}.Debug|Any CPU.Build.0 = Debug|Any CPU
		{F5224636-AC58-43E0-BA3F-58EFDF76A49D}.Release|Any CPU.ActiveCfg = Release|Any CPU
		{F5224636-AC58-43E0-BA3F-58EFDF76A49D}.Release|Any CPU.Build.0 = Release|Any CPU
		{49C67C0B-318E-43FB-AB74-3E1263ED7C1D}.Debug|Any CPU.ActiveCfg = Debug|Any CPU
		{49C67C0B-318E-43FB-AB74-3E1263ED7C1D}.Debug|Any CPU.Build.0 = Debug|Any CPU
		{49C67C0B-318E-43FB-AB74-3E1263ED7C1D}.Release|Any CPU.ActiveCfg = Release|Any CPU
		{49C67C0B-318E-43FB-AB74-3E1263ED7C1D}.Release|Any CPU.Build.0 = Release|Any CPU
		{1DC1ED52-43CB-4BE5-8AF6-269194BB7A24}.Debug|Any CPU.ActiveCfg = Debug|Any CPU
		{1DC1ED52-43CB-4BE5-8AF6-269194BB7A24}.Debug|Any CPU.Build.0 = Debug|Any CPU
		{1DC1ED52-43CB-4BE5-8AF6-269194BB7A24}.Release|Any CPU.ActiveCfg = Release|Any CPU
		{1DC1ED52-43CB-4BE5-8AF6-269194BB7A24}.Release|Any CPU.Build.0 = Release|Any CPU
		{B33E7E0D-F166-40CA-B05B-ABCC6FAF436D}.Debug|Any CPU.ActiveCfg = Debug|Any CPU
		{B33E7E0D-F166-40CA-B05B-ABCC6FAF436D}.Debug|Any CPU.Build.0 = Debug|Any CPU
		{B33E7E0D-F166-40CA-B05B-ABCC6FAF436D}.Release|Any CPU.ActiveCfg = Release|Any CPU
		{B33E7E0D-F166-40CA-B05B-ABCC6FAF436D}.Release|Any CPU.Build.0 = Release|Any CPU
		{3C183312-7F64-4DDD-8770-85900C5DB1C5}.Debug|Any CPU.ActiveCfg = Debug|Any CPU
		{3C183312-7F64-4DDD-8770-85900C5DB1C5}.Debug|Any CPU.Build.0 = Debug|Any CPU
		{3C183312-7F64-4DDD-8770-85900C5DB1C5}.Release|Any CPU.ActiveCfg = Release|Any CPU
		{3C183312-7F64-4DDD-8770-85900C5DB1C5}.Release|Any CPU.Build.0 = Release|Any CPU
		{16C82D54-A641-43A8-AFC9-897E8EFC180E}.Debug|Any CPU.ActiveCfg = Debug|Any CPU
		{16C82D54-A641-43A8-AFC9-897E8EFC180E}.Debug|Any CPU.Build.0 = Debug|Any CPU
		{16C82D54-A641-43A8-AFC9-897E8EFC180E}.Release|Any CPU.ActiveCfg = Release|Any CPU
		{16C82D54-A641-43A8-AFC9-897E8EFC180E}.Release|Any CPU.Build.0 = Release|Any CPU
		{5BEF2DE6-A9D5-4780-910E-C3AB2DDD38AA}.Debug|Any CPU.ActiveCfg = Debug|Any CPU
		{5BEF2DE6-A9D5-4780-910E-C3AB2DDD38AA}.Debug|Any CPU.Build.0 = Debug|Any CPU
		{5BEF2DE6-A9D5-4780-910E-C3AB2DDD38AA}.Release|Any CPU.ActiveCfg = Release|Any CPU
		{5BEF2DE6-A9D5-4780-910E-C3AB2DDD38AA}.Release|Any CPU.Build.0 = Release|Any CPU
		{4EA8F66C-C039-47F7-9364-E6780C7570EC}.Debug|Any CPU.ActiveCfg = Debug|Any CPU
		{4EA8F66C-C039-47F7-9364-E6780C7570EC}.Debug|Any CPU.Build.0 = Debug|Any CPU
		{4EA8F66C-C039-47F7-9364-E6780C7570EC}.Release|Any CPU.ActiveCfg = Release|Any CPU
		{4EA8F66C-C039-47F7-9364-E6780C7570EC}.Release|Any CPU.Build.0 = Release|Any CPU
		{A3ABB0C6-EC46-4A71-B279-FECB5C593C26}.Debug|Any CPU.ActiveCfg = Debug|Any CPU
		{A3ABB0C6-EC46-4A71-B279-FECB5C593C26}.Debug|Any CPU.Build.0 = Debug|Any CPU
		{A3ABB0C6-EC46-4A71-B279-FECB5C593C26}.Release|Any CPU.ActiveCfg = Release|Any CPU
		{A3ABB0C6-EC46-4A71-B279-FECB5C593C26}.Release|Any CPU.Build.0 = Release|Any CPU
		{CBD62C10-14D4-4FBF-91FA-801255B3FEA5}.Debug|Any CPU.ActiveCfg = Debug|Any CPU
		{CBD62C10-14D4-4FBF-91FA-801255B3FEA5}.Debug|Any CPU.Build.0 = Debug|Any CPU
		{CBD62C10-14D4-4FBF-91FA-801255B3FEA5}.Release|Any CPU.ActiveCfg = Release|Any CPU
		{CBD62C10-14D4-4FBF-91FA-801255B3FEA5}.Release|Any CPU.Build.0 = Release|Any CPU
		{02C5E8CF-9520-466F-B551-AC5AE926F95E}.Debug|Any CPU.ActiveCfg = Debug|Any CPU
		{02C5E8CF-9520-466F-B551-AC5AE926F95E}.Debug|Any CPU.Build.0 = Debug|Any CPU
		{02C5E8CF-9520-466F-B551-AC5AE926F95E}.Release|Any CPU.ActiveCfg = Release|Any CPU
		{02C5E8CF-9520-466F-B551-AC5AE926F95E}.Release|Any CPU.Build.0 = Release|Any CPU
		{EBE890A1-2D8F-4FB8-A4D1-AAB417B58646}.Debug|Any CPU.ActiveCfg = Debug|Any CPU
		{EBE890A1-2D8F-4FB8-A4D1-AAB417B58646}.Debug|Any CPU.Build.0 = Debug|Any CPU
		{EBE890A1-2D8F-4FB8-A4D1-AAB417B58646}.Release|Any CPU.ActiveCfg = Release|Any CPU
		{EBE890A1-2D8F-4FB8-A4D1-AAB417B58646}.Release|Any CPU.Build.0 = Release|Any CPU
		{EAE11746-C618-4C07-84A8-DA43A2DE0F85}.Debug|Any CPU.ActiveCfg = Debug|Any CPU
		{EAE11746-C618-4C07-84A8-DA43A2DE0F85}.Debug|Any CPU.Build.0 = Debug|Any CPU
		{EAE11746-C618-4C07-84A8-DA43A2DE0F85}.Release|Any CPU.ActiveCfg = Release|Any CPU
		{EAE11746-C618-4C07-84A8-DA43A2DE0F85}.Release|Any CPU.Build.0 = Release|Any CPU
		{F1E2420F-ECCD-4E7B-92B7-431188729141}.Debug|Any CPU.ActiveCfg = Debug|Any CPU
		{F1E2420F-ECCD-4E7B-92B7-431188729141}.Debug|Any CPU.Build.0 = Debug|Any CPU
		{F1E2420F-ECCD-4E7B-92B7-431188729141}.Release|Any CPU.ActiveCfg = Release|Any CPU
		{F1E2420F-ECCD-4E7B-92B7-431188729141}.Release|Any CPU.Build.0 = Release|Any CPU
		{67BABF90-BEEA-4FFA-9557-2A5293E2BA62}.Debug|Any CPU.ActiveCfg = Debug|Any CPU
		{67BABF90-BEEA-4FFA-9557-2A5293E2BA62}.Debug|Any CPU.Build.0 = Debug|Any CPU
		{67BABF90-BEEA-4FFA-9557-2A5293E2BA62}.Release|Any CPU.ActiveCfg = Release|Any CPU
		{67BABF90-BEEA-4FFA-9557-2A5293E2BA62}.Release|Any CPU.Build.0 = Release|Any CPU
		{67BF5FD3-1C35-4A50-9298-DF4FF05C71B0}.Debug|Any CPU.ActiveCfg = Debug|Any CPU
		{67BF5FD3-1C35-4A50-9298-DF4FF05C71B0}.Debug|Any CPU.Build.0 = Debug|Any CPU
		{67BF5FD3-1C35-4A50-9298-DF4FF05C71B0}.Release|Any CPU.ActiveCfg = Release|Any CPU
		{67BF5FD3-1C35-4A50-9298-DF4FF05C71B0}.Release|Any CPU.Build.0 = Release|Any CPU
		{135D8653-4012-4A27-A026-BDB59E6F6A6A}.Debug|Any CPU.ActiveCfg = Debug|Any CPU
		{135D8653-4012-4A27-A026-BDB59E6F6A6A}.Debug|Any CPU.Build.0 = Debug|Any CPU
		{135D8653-4012-4A27-A026-BDB59E6F6A6A}.Release|Any CPU.ActiveCfg = Release|Any CPU
		{135D8653-4012-4A27-A026-BDB59E6F6A6A}.Release|Any CPU.Build.0 = Release|Any CPU
		{CCD466D4-505F-47A7-8BE2-46D8E91C4C21}.Debug|Any CPU.ActiveCfg = Debug|Any CPU
		{CCD466D4-505F-47A7-8BE2-46D8E91C4C21}.Debug|Any CPU.Build.0 = Debug|Any CPU
		{CCD466D4-505F-47A7-8BE2-46D8E91C4C21}.Release|Any CPU.ActiveCfg = Release|Any CPU
		{CCD466D4-505F-47A7-8BE2-46D8E91C4C21}.Release|Any CPU.Build.0 = Release|Any CPU
		{878D0D07-E143-4A38-A7C8-8A2F1DBA0101}.Debug|Any CPU.ActiveCfg = Debug|Any CPU
		{878D0D07-E143-4A38-A7C8-8A2F1DBA0101}.Debug|Any CPU.Build.0 = Debug|Any CPU
		{878D0D07-E143-4A38-A7C8-8A2F1DBA0101}.Release|Any CPU.ActiveCfg = Release|Any CPU
		{878D0D07-E143-4A38-A7C8-8A2F1DBA0101}.Release|Any CPU.Build.0 = Release|Any CPU
		{351FEF11-1B3C-4F60-ADD1-A4430860A753}.Debug|Any CPU.ActiveCfg = Debug|Any CPU
		{351FEF11-1B3C-4F60-ADD1-A4430860A753}.Debug|Any CPU.Build.0 = Debug|Any CPU
		{351FEF11-1B3C-4F60-ADD1-A4430860A753}.Release|Any CPU.ActiveCfg = Release|Any CPU
		{351FEF11-1B3C-4F60-ADD1-A4430860A753}.Release|Any CPU.Build.0 = Release|Any CPU
		{E1FD2ABE-7178-4FDF-96BA-EAFA8A55C11C}.Debug|Any CPU.ActiveCfg = Debug|Any CPU
		{E1FD2ABE-7178-4FDF-96BA-EAFA8A55C11C}.Debug|Any CPU.Build.0 = Debug|Any CPU
		{E1FD2ABE-7178-4FDF-96BA-EAFA8A55C11C}.Release|Any CPU.ActiveCfg = Release|Any CPU
		{E1FD2ABE-7178-4FDF-96BA-EAFA8A55C11C}.Release|Any CPU.Build.0 = Release|Any CPU
		{AD1182CD-B57A-4DAF-8A9F-531756C1CEC9}.Debug|Any CPU.ActiveCfg = Debug|Any CPU
		{AD1182CD-B57A-4DAF-8A9F-531756C1CEC9}.Debug|Any CPU.Build.0 = Debug|Any CPU
		{AD1182CD-B57A-4DAF-8A9F-531756C1CEC9}.Release|Any CPU.ActiveCfg = Release|Any CPU
		{AD1182CD-B57A-4DAF-8A9F-531756C1CEC9}.Release|Any CPU.Build.0 = Release|Any CPU
		{A39E562D-A832-4F51-BEB5-E43EBB39A321}.Debug|Any CPU.ActiveCfg = Debug|Any CPU
		{A39E562D-A832-4F51-BEB5-E43EBB39A321}.Debug|Any CPU.Build.0 = Debug|Any CPU
		{A39E562D-A832-4F51-BEB5-E43EBB39A321}.Release|Any CPU.ActiveCfg = Release|Any CPU
		{A39E562D-A832-4F51-BEB5-E43EBB39A321}.Release|Any CPU.Build.0 = Release|Any CPU
		{4A872E97-31CA-4EB4-A3C6-786EF5029D05}.Debug|Any CPU.ActiveCfg = Debug|Any CPU
		{4A872E97-31CA-4EB4-A3C6-786EF5029D05}.Debug|Any CPU.Build.0 = Debug|Any CPU
		{4A872E97-31CA-4EB4-A3C6-786EF5029D05}.Release|Any CPU.ActiveCfg = Release|Any CPU
		{4A872E97-31CA-4EB4-A3C6-786EF5029D05}.Release|Any CPU.Build.0 = Release|Any CPU
		{B0BBFD3F-1B00-42D9-8F9E-41ADD75EE0FC}.Debug|Any CPU.ActiveCfg = Debug|Any CPU
		{B0BBFD3F-1B00-42D9-8F9E-41ADD75EE0FC}.Debug|Any CPU.Build.0 = Debug|Any CPU
		{B0BBFD3F-1B00-42D9-8F9E-41ADD75EE0FC}.Release|Any CPU.ActiveCfg = Release|Any CPU
		{B0BBFD3F-1B00-42D9-8F9E-41ADD75EE0FC}.Release|Any CPU.Build.0 = Release|Any CPU
		{53013325-2E27-474C-8DC7-E19AAB8F9CED}.Debug|Any CPU.ActiveCfg = Debug|Any CPU
		{53013325-2E27-474C-8DC7-E19AAB8F9CED}.Debug|Any CPU.Build.0 = Debug|Any CPU
		{53013325-2E27-474C-8DC7-E19AAB8F9CED}.Release|Any CPU.ActiveCfg = Release|Any CPU
		{53013325-2E27-474C-8DC7-E19AAB8F9CED}.Release|Any CPU.Build.0 = Release|Any CPU
	EndGlobalSection
	GlobalSection(SolutionProperties) = preSolution
		HideSolutionNode = FALSE
	EndGlobalSection
	GlobalSection(NestedProjects) = preSolution
		{8F8808C4-974C-4868-97E6-A4A8922C0FB6} = {0B113E2E-AC17-43F8-83F9-CD91C37F8DF5}
		{E3BD6223-B8CB-44DC-A8F8-A7C3C8D26E9F} = {0B113E2E-AC17-43F8-83F9-CD91C37F8DF5}
		{721B162D-8FCB-4E88-9852-B62FAC1D55A6} = {0B113E2E-AC17-43F8-83F9-CD91C37F8DF5}
		{BC821774-102D-485C-93F1-CB23EEDE6F38} = {0B113E2E-AC17-43F8-83F9-CD91C37F8DF5}
		{BCDBC77E-16AE-4139-9C68-639CEE37E70E} = {0B113E2E-AC17-43F8-83F9-CD91C37F8DF5}
		{583FC26A-9742-4C1F-B7AC-C42DE7CCDA0D} = {0B113E2E-AC17-43F8-83F9-CD91C37F8DF5}
		{8FEBD65B-F155-4945-A5E1-572DAF5A4E46} = {0B113E2E-AC17-43F8-83F9-CD91C37F8DF5}
		{ED6D7DC0-DA30-417E-8F66-F29BA6A63DE2} = {0B113E2E-AC17-43F8-83F9-CD91C37F8DF5}
		{A46D9269-2E2B-4C96-BD36-82485A8CD938} = {3D2249C9-12C5-4B16-9275-7BF81D1A13BD}
		{7C975B50-243E-4E3D-86A6-F523C97A38D2} = {3D2249C9-12C5-4B16-9275-7BF81D1A13BD}
		{5456417A-158B-4318-B53B-2786FA56B168} = {3D2249C9-12C5-4B16-9275-7BF81D1A13BD}
		{0824FE6C-9326-4910-BA73-E05FE8984672} = {3D2249C9-12C5-4B16-9275-7BF81D1A13BD}
		{FD760E60-1702-4F17-8C86-7392645EBCC2} = {6CC54569-3F8B-43F8-A5F6-91E8E2913560}
		{AC7D3134-46ED-426D-B117-FD8BCA81FE49} = {0B113E2E-AC17-43F8-83F9-CD91C37F8DF5}
		{99E50316-FF6E-4C77-A7A2-51B87E0A3753} = {0B113E2E-AC17-43F8-83F9-CD91C37F8DF5}
		{B313DF02-8E79-4C2A-874E-5033CE7133D7} = {0B113E2E-AC17-43F8-83F9-CD91C37F8DF5}
		{161D2FA2-67AC-4542-8387-26F7AEF4957A} = {0B113E2E-AC17-43F8-83F9-CD91C37F8DF5}
		{9006FA0D-BCFF-46C4-A54C-F269E4BB45BF} = {488AE042-C445-49B5-9D8F-72C24E8A0832}
		{575B7F12-1EBD-4B9D-8B5C-A47D5AB9BC2A} = {488AE042-C445-49B5-9D8F-72C24E8A0832}
		{72394519-83A1-4F76-960D-C5E8B1435264} = {0B113E2E-AC17-43F8-83F9-CD91C37F8DF5}
		{6A7E903C-33B5-4665-BC2B-C295D8B4237F} = {488AE042-C445-49B5-9D8F-72C24E8A0832}
		{BAD270A9-B9BD-4C4D-92D9-D846ED78CA26} = {DCD4381A-5600-4223-9761-0C9176D0C773}
		{355A8DE2-6E81-48DA-AA05-7F649C65D9BF} = {14316E08-5E79-44A9-931E-EF0DC741CB26}
		{5D62F72D-DF76-4B6C-992C-69BC7AFBF549} = {0B113E2E-AC17-43F8-83F9-CD91C37F8DF5}
		{E08ABD76-44FF-40DA-9182-B11E2F1EA71F} = {0B113E2E-AC17-43F8-83F9-CD91C37F8DF5}
		{41A8AA9C-9E3C-4856-8A0D-833BF3F67051} = {0B113E2E-AC17-43F8-83F9-CD91C37F8DF5}
		{807D1A05-CA93-46D8-B398-F5D727D0AB76} = {0B113E2E-AC17-43F8-83F9-CD91C37F8DF5}
		{1669DF23-502F-4598-A510-B46034A42D9C} = {0B113E2E-AC17-43F8-83F9-CD91C37F8DF5}
		{978011E0-61E2-4851-B4FE-B8C18E2CBC79} = {33D898AB-633D-43B1-9985-F5324AB24828}
		{FDDDD02F-3EFF-4126-B167-7F129B71DB67} = {33D898AB-633D-43B1-9985-F5324AB24828}
		{BC9081DA-FBC7-4BC7-8B4C-4CC8226A2B93} = {33D898AB-633D-43B1-9985-F5324AB24828}
		{953A75B7-3200-43FD-B896-1C09BAF4D890} = {E57D5DDE-DE24-410A-9C29-BC10083ABD73}
		{20E1C64F-2EEF-4A1D-9E91-78B164C120D2} = {14316E08-5E79-44A9-931E-EF0DC741CB26}
		{EBD3B2A5-D900-485D-BADC-188C46911502} = {20E1C64F-2EEF-4A1D-9E91-78B164C120D2}
		{79385C29-8CF1-459B-936D-C5F28AA0FC34} = {0B113E2E-AC17-43F8-83F9-CD91C37F8DF5}
		{FBF662E5-98AD-456E-A281-54D1991D5286} = {33D898AB-633D-43B1-9985-F5324AB24828}
		{2721CB64-33EB-404B-BCED-23B3242F5F67} = {20E1C64F-2EEF-4A1D-9E91-78B164C120D2}
		{AB4B2DC5-37BC-4E48-8F49-4F5B762BD2C8} = {E4004906-72CE-43D4-8465-DDBD3EA417D2}
		{32A3DA4C-5D8D-483A-AB71-655E8AEBEED8} = {E4004906-72CE-43D4-8465-DDBD3EA417D2}
		{8CE7EDE3-EF1F-4CB2-8D57-A80A80E755AB} = {0B113E2E-AC17-43F8-83F9-CD91C37F8DF5}
		{DEE74EEF-E0D7-484C-A09F-2FD16FEB869B} = {0B113E2E-AC17-43F8-83F9-CD91C37F8DF5}
		{B39B5A1B-B912-4A90-8747-AA99B7F2EEA3} = {0B113E2E-AC17-43F8-83F9-CD91C37F8DF5}
		{D59E44E9-5828-480A-A3F9-F12A63B983BF} = {0B113E2E-AC17-43F8-83F9-CD91C37F8DF5}
		{0BEA2DA4-AA46-4E20-9867-5F9A6E78AA32} = {0B113E2E-AC17-43F8-83F9-CD91C37F8DF5}
		{0BCEBC76-9299-44A5-B857-8D3BF5C88C7B} = {0B113E2E-AC17-43F8-83F9-CD91C37F8DF5}
		{9989220A-BC09-47E6-99B4-1986DE3774CE} = {0B113E2E-AC17-43F8-83F9-CD91C37F8DF5}
		{520D14EE-6A43-463E-8D29-A6CF0A64A984} = {13511E6D-92CA-4785-A253-2FA212CDE187}
		{E23F58BA-6991-4C36-BA11-0D529355D84A} = {14316E08-5E79-44A9-931E-EF0DC741CB26}
		{A8E01BA8-9F3F-4F89-AA7E-3BB554538FE4} = {E23F58BA-6991-4C36-BA11-0D529355D84A}
		{BC25A85E-4EE6-42FD-B87B-63F12A82969A} = {0B113E2E-AC17-43F8-83F9-CD91C37F8DF5}
		{DBCED636-32BB-4E7D-BAFA-99F2324CBD0C} = {0B113E2E-AC17-43F8-83F9-CD91C37F8DF5}
		{BB2675AE-A743-49D9-A44C-CEA76C3AED7D} = {0B113E2E-AC17-43F8-83F9-CD91C37F8DF5}
		{187B0F63-3AAD-4D93-8F9D-D29AE39775FE} = {E97A517B-65EE-442E-9F64-DAB2CE526595}
		{358B7DE5-A33B-4BC6-9BE6-67F9CA308DF9} = {0B113E2E-AC17-43F8-83F9-CD91C37F8DF5}
		{18BD486F-3D60-4EE5-AAC4-81F6F875B554} = {14316E08-5E79-44A9-931E-EF0DC741CB26}
		{05C11718-BBD9-4EDB-9213-81F2B5BF9EA3} = {E97A517B-65EE-442E-9F64-DAB2CE526595}
		{62170E51-450B-4D9A-A5B6-503FFB501B84} = {3D2249C9-12C5-4B16-9275-7BF81D1A13BD}
		{E00AB188-08E3-4C82-AE49-23BCC73D53AE} = {20E1C64F-2EEF-4A1D-9E91-78B164C120D2}
		{87DA5EE4-EC50-43FE-A6CA-53EA0E467657} = {8C5F4EC8-5C5A-414C-AFCC-53F977AD89BF}
		{D59947A3-0332-45C2-9511-C4A074156959} = {8C5F4EC8-5C5A-414C-AFCC-53F977AD89BF}
		{30B9C650-E9BA-4FF5-83DA-15681C2157DA} = {20E1C64F-2EEF-4A1D-9E91-78B164C120D2}
		{0850537F-7DCA-46BC-B4D3-B335B83B84AA} = {F4A9C80A-7D59-4858-9229-66991BA9EF72}
		{2DE00FE1-A106-47C7-809D-8B0467269E9E} = {3687344C-FD05-44FA-9B94-6FA96234C25D}
		{C01F57DD-976B-493C-B84E-DD3479304786} = {3687344C-FD05-44FA-9B94-6FA96234C25D}
		{33D2CC77-18EE-4C9E-A3E5-C5354BF947B6} = {F4A9C80A-7D59-4858-9229-66991BA9EF72}
		{2D11F9BF-EB10-4453-8B6D-D4A7DCB9629D} = {F4A9C80A-7D59-4858-9229-66991BA9EF72}
		{9700350A-B54B-4CA0-B3CD-5EBED3BCB482} = {CAC9F1F7-51F3-469B-9EDB-F0F25E71A7A6}
		{3676780F-4E08-4147-B8EF-A89B9D0A8614} = {F4A9C80A-7D59-4858-9229-66991BA9EF72}
		{7D954751-BD14-4235-AA96-873C51813FA8} = {DCD4381A-5600-4223-9761-0C9176D0C773}
		{27F98F0B-ECE2-4FAF-9E55-1E486C6F9969} = {20E1C64F-2EEF-4A1D-9E91-78B164C120D2}
		{90602E2F-57D9-4B3F-98C7-B2026231F56F} = {DCD4381A-5600-4223-9761-0C9176D0C773}
		{60193647-3295-41C0-B919-172B422E78A3} = {20E1C64F-2EEF-4A1D-9E91-78B164C120D2}
		{AE177EB8-4A7F-4A51-BD71-3F3FCBD4807B} = {C9F89293-16E9-4C7C-9A6A-BF3ADEEB11F1}
		{21C90C98-2955-4B7B-82BE-519D312D15C9} = {E97A517B-65EE-442E-9F64-DAB2CE526595}
		{52EB175D-7877-4584-B6B5-9B9369A89D97} = {3D2249C9-12C5-4B16-9275-7BF81D1A13BD}
		{C26669FC-E50E-4A3D-BD5E-0DF7010A5F1E} = {28320735-515C-4EA6-80CB-BC45EB7226D5}
		{29DEE430-BC7F-4E1C-9631-17278EA3C91B} = {06565409-EEEA-4BED-B2CB-6450343F1A4C}
		{D13D22EE-D5F9-439D-BF67-D0949DE55C1E} = {F4A9C80A-7D59-4858-9229-66991BA9EF72}
		{79059E5A-30A5-4DD0-83A6-A6D43B7B7996} = {33D898AB-633D-43B1-9985-F5324AB24828}
		{F5C255B9-3013-4362-95EB-82F05C639B5E} = {0B113E2E-AC17-43F8-83F9-CD91C37F8DF5}
		{E95D53EB-680B-401C-B703-3C33C9065053} = {DCD4381A-5600-4223-9761-0C9176D0C773}
		{58FDE96D-DAB7-4CD0-A4E1-BC9E914ADCF9} = {DCD4381A-5600-4223-9761-0C9176D0C773}
		{07732E87-F924-4F7F-95A6-B43DB8D21EF3} = {DCD4381A-5600-4223-9761-0C9176D0C773}
		{D11D7187-9A71-43CC-BB76-5B74A8B31492} = {DCD4381A-5600-4223-9761-0C9176D0C773}
		{48D5E726-E38E-49D1-B2BA-D8FA27C7144F} = {B29D3402-A561-4B04-817C-21EF50A9B8D2}
		{568390C6-4AA5-4E52-AD6B-437AACE55A5E} = {4D481F51-02AD-4044-A9B9-67F322116955}
		{F5224636-AC58-43E0-BA3F-58EFDF76A49D} = {038E99FA-6169-4946-8F39-120119DD50B0}
		{6C2E97A2-3AB1-46AA-A2BE-B994A3CE2DEE} = {85AB6419-B263-48C3-A70F-EDF17CB52069}
		{49C67C0B-318E-43FB-AB74-3E1263ED7C1D} = {6C2E97A2-3AB1-46AA-A2BE-B994A3CE2DEE}
		{1DC1ED52-43CB-4BE5-8AF6-269194BB7A24} = {6C2E97A2-3AB1-46AA-A2BE-B994A3CE2DEE}
		{B33E7E0D-F166-40CA-B05B-ABCC6FAF436D} = {6C2E97A2-3AB1-46AA-A2BE-B994A3CE2DEE}
		{3C183312-7F64-4DDD-8770-85900C5DB1C5} = {6C2E97A2-3AB1-46AA-A2BE-B994A3CE2DEE}
		{5BC546B2-EC53-469A-B682-55FE9C762E43} = {568549BE-4D5C-4C5C-87E9-C36BA0D8B50C}
		{16C82D54-A641-43A8-AFC9-897E8EFC180E} = {5BC546B2-EC53-469A-B682-55FE9C762E43}
		{5BEF2DE6-A9D5-4780-910E-C3AB2DDD38AA} = {5BC546B2-EC53-469A-B682-55FE9C762E43}
		{4EA8F66C-C039-47F7-9364-E6780C7570EC} = {5BC546B2-EC53-469A-B682-55FE9C762E43}
		{A3ABB0C6-EC46-4A71-B279-FECB5C593C26} = {5BC546B2-EC53-469A-B682-55FE9C762E43}
		{CBD62C10-14D4-4FBF-91FA-801255B3FEA5} = {5BC546B2-EC53-469A-B682-55FE9C762E43}
		{02C5E8CF-9520-466F-B551-AC5AE926F95E} = {5BC546B2-EC53-469A-B682-55FE9C762E43}
		{EBE890A1-2D8F-4FB8-A4D1-AAB417B58646} = {5BC546B2-EC53-469A-B682-55FE9C762E43}
		{EAE11746-C618-4C07-84A8-DA43A2DE0F85} = {5BC546B2-EC53-469A-B682-55FE9C762E43}
		{678D5046-5F69-4184-8334-B8545FB53FE1} = {30AC5F48-8331-46EE-8A7C-253873E0CC69}
		{F1E2420F-ECCD-4E7B-92B7-431188729141} = {678D5046-5F69-4184-8334-B8545FB53FE1}
		{67BABF90-BEEA-4FFA-9557-2A5293E2BA62} = {6C2E97A2-3AB1-46AA-A2BE-B994A3CE2DEE}
		{FA7B74DC-7BEC-4AEB-81B3-2B49CB24639A} = {85AB6419-B263-48C3-A70F-EDF17CB52069}
		{67BF5FD3-1C35-4A50-9298-DF4FF05C71B0} = {FA7B74DC-7BEC-4AEB-81B3-2B49CB24639A}
		{135D8653-4012-4A27-A026-BDB59E6F6A6A} = {FA7B74DC-7BEC-4AEB-81B3-2B49CB24639A}
		{CCD466D4-505F-47A7-8BE2-46D8E91C4C21} = {FA7B74DC-7BEC-4AEB-81B3-2B49CB24639A}
		{878D0D07-E143-4A38-A7C8-8A2F1DBA0101} = {FA7B74DC-7BEC-4AEB-81B3-2B49CB24639A}
		{351FEF11-1B3C-4F60-ADD1-A4430860A753} = {FA7B74DC-7BEC-4AEB-81B3-2B49CB24639A}
		{E1FD2ABE-7178-4FDF-96BA-EAFA8A55C11C} = {0B113E2E-AC17-43F8-83F9-CD91C37F8DF5}
		{AD1182CD-B57A-4DAF-8A9F-531756C1CEC9} = {FA7B74DC-7BEC-4AEB-81B3-2B49CB24639A}
		{A39E562D-A832-4F51-BEB5-E43EBB39A321} = {E97A517B-65EE-442E-9F64-DAB2CE526595}
		{4A872E97-31CA-4EB4-A3C6-786EF5029D05} = {FA7B74DC-7BEC-4AEB-81B3-2B49CB24639A}
		{B0BBFD3F-1B00-42D9-8F9E-41ADD75EE0FC} = {FA7B74DC-7BEC-4AEB-81B3-2B49CB24639A}
		{53013325-2E27-474C-8DC7-E19AAB8F9CED} = {0B113E2E-AC17-43F8-83F9-CD91C37F8DF5}
	EndGlobalSection
	GlobalSection(ExtensibilityGlobals) = postSolution
		SolutionGuid = {E4A0945F-B6D5-441D-AB88-804220A5C5CE}
	EndGlobalSection
EndGlobal
